// !$*UTF8*$!
{
	archiveVersion = 1;
	classes = {
	};
	objectVersion = 55;
	objects = {

/* Begin PBXBuildFile section */
		0AC0CA62C3A16805F3E15437 /* Pods_MarvelAppTests.framework in Frameworks */ = {isa = PBXBuildFile; fileRef = A87708D2FF2A4FC320D41D76 /* Pods_MarvelAppTests.framework */; };
		1034B55B0D1C1DFE8F946223 /* Pods_MarvelApp.framework in Frameworks */ = {isa = PBXBuildFile; fileRef = 82FDC1E2563862468EE531B3 /* Pods_MarvelApp.framework */; };
		391C1DB127F4B3B000A8877E /* Comic.swift in Sources */ = {isa = PBXBuildFile; fileRef = 391C1DB027F4B3B000A8877E /* Comic.swift */; };
		391C1DB327F4B3F700A8877E /* ID.swift in Sources */ = {isa = PBXBuildFile; fileRef = 391C1DB227F4B3F700A8877E /* ID.swift */; };
		391C1DB627F4B47400A8877E /* ComicService.swift in Sources */ = {isa = PBXBuildFile; fileRef = 391C1DB527F4B47400A8877E /* ComicService.swift */; };
		391C1DB827F4B4A900A8877E /* ComicServiceImp.swift in Sources */ = {isa = PBXBuildFile; fileRef = 391C1DB727F4B4A900A8877E /* ComicServiceImp.swift */; };
		391C1DBA27F4B53100A8877E /* ComicsListRequest.swift in Sources */ = {isa = PBXBuildFile; fileRef = 391C1DB927F4B53100A8877E /* ComicsListRequest.swift */; };
		391C1DBC27F4B86D00A8877E /* ComicDisplayItem.swift in Sources */ = {isa = PBXBuildFile; fileRef = 391C1DBB27F4B86D00A8877E /* ComicDisplayItem.swift */; };
		39489DE627EE3D1C00C4D6B7 /* AppDelegate.swift in Sources */ = {isa = PBXBuildFile; fileRef = 39489DE527EE3D1C00C4D6B7 /* AppDelegate.swift */; };
		39489DE827EE3D1C00C4D6B7 /* SceneDelegate.swift in Sources */ = {isa = PBXBuildFile; fileRef = 39489DE727EE3D1C00C4D6B7 /* SceneDelegate.swift */; };
		39489DEA27EE3D1C00C4D6B7 /* CharacterListViewController.swift in Sources */ = {isa = PBXBuildFile; fileRef = 39489DE927EE3D1C00C4D6B7 /* CharacterListViewController.swift */; };
		39489DEF27EE3D2100C4D6B7 /* Images.xcassets in Resources */ = {isa = PBXBuildFile; fileRef = 39489DEE27EE3D2100C4D6B7 /* Images.xcassets */; };
		39489DF227EE3D2100C4D6B7 /* LaunchScreen.storyboard in Resources */ = {isa = PBXBuildFile; fileRef = 39489DF027EE3D2100C4D6B7 /* LaunchScreen.storyboard */; };
		39489DFD27EE3D2200C4D6B7 /* MarvelAppTests.swift in Sources */ = {isa = PBXBuildFile; fileRef = 39489DFC27EE3D2200C4D6B7 /* MarvelAppTests.swift */; };
		39489E1827EE410600C4D6B7 /* CharacterListAssembly.swift in Sources */ = {isa = PBXBuildFile; fileRef = 39489E1727EE410600C4D6B7 /* CharacterListAssembly.swift */; };
		39489E1E27EE442200C4D6B7 /* Colors.xcassets in Resources */ = {isa = PBXBuildFile; fileRef = 39489E1D27EE442200C4D6B7 /* Colors.xcassets */; };
		39489E2127EE45B000C4D6B7 /* Localizable.strings in Resources */ = {isa = PBXBuildFile; fileRef = 39489E2327EE45B000C4D6B7 /* Localizable.strings */; };
		39489E2727EE480800C4D6B7 /* Assets.swift in Sources */ = {isa = PBXBuildFile; fileRef = 39489E2627EE480800C4D6B7 /* Assets.swift */; };
		39489E2C27EEDD3100C4D6B7 /* UICollectionView+Extensions.swift in Sources */ = {isa = PBXBuildFile; fileRef = 39489E2B27EEDD3000C4D6B7 /* UICollectionView+Extensions.swift */; };
		39489E2F27EF38B600C4D6B7 /* CharacterCell.swift in Sources */ = {isa = PBXBuildFile; fileRef = 39489E2E27EF38B600C4D6B7 /* CharacterCell.swift */; };
		39489E3127EF39F100C4D6B7 /* UIView+Extensions.swift in Sources */ = {isa = PBXBuildFile; fileRef = 39489E3027EF39F100C4D6B7 /* UIView+Extensions.swift */; };
		39489E3427EF3C4700C4D6B7 /* CharacterListViewModel.swift in Sources */ = {isa = PBXBuildFile; fileRef = 39489E3327EF3C4700C4D6B7 /* CharacterListViewModel.swift */; };
		39489E3827EF3E9200C4D6B7 /* CharacterService.swift in Sources */ = {isa = PBXBuildFile; fileRef = 39489E3727EF3E9200C4D6B7 /* CharacterService.swift */; };
		39489E3C27EF3F6300C4D6B7 /* Character.swift in Sources */ = {isa = PBXBuildFile; fileRef = 39489E3B27EF3F6300C4D6B7 /* Character.swift */; };
		39489E3E27EF415C00C4D6B7 /* Thumbnail.swift in Sources */ = {isa = PBXBuildFile; fileRef = 39489E3D27EF415C00C4D6B7 /* Thumbnail.swift */; };
		39489E4027EF47AE00C4D6B7 /* CharacterServiceMock.swift in Sources */ = {isa = PBXBuildFile; fileRef = 39489E3F27EF47AE00C4D6B7 /* CharacterServiceMock.swift */; };
		39489E4227EF47C900C4D6B7 /* CharacterServiceImp.swift in Sources */ = {isa = PBXBuildFile; fileRef = 39489E4127EF47C900C4D6B7 /* CharacterServiceImp.swift */; };
		39489E4527EF4E6800C4D6B7 /* UIImageView+URL.swift in Sources */ = {isa = PBXBuildFile; fileRef = 39489E4427EF4E6800C4D6B7 /* UIImageView+URL.swift */; };
		39489E4827EF55A000C4D6B7 /* CharacterCellDisplayItem.swift in Sources */ = {isa = PBXBuildFile; fileRef = 39489E4727EF55A000C4D6B7 /* CharacterCellDisplayItem.swift */; };
		39489E4A27EF55C700C4D6B7 /* CharactersListAdapter.swift in Sources */ = {isa = PBXBuildFile; fileRef = 39489E4927EF55C700C4D6B7 /* CharactersListAdapter.swift */; };
		39489E4E27EF598D00C4D6B7 /* CharacterListLoadingFooterView.swift in Sources */ = {isa = PBXBuildFile; fileRef = 39489E4D27EF598D00C4D6B7 /* CharacterListLoadingFooterView.swift */; };
		39489E5027EF599B00C4D6B7 /* CharacterListLoadingFailedFooterView.swift in Sources */ = {isa = PBXBuildFile; fileRef = 39489E4F27EF599B00C4D6B7 /* CharacterListLoadingFailedFooterView.swift */; };
		39489E5227EF67EF00C4D6B7 /* Strings.swift in Sources */ = {isa = PBXBuildFile; fileRef = 39489E5127EF67EF00C4D6B7 /* Strings.swift */; };
		39489E5427EF6DD000C4D6B7 /* ViewSpecs.swift in Sources */ = {isa = PBXBuildFile; fileRef = 39489E5327EF6DD000C4D6B7 /* ViewSpecs.swift */; };
		39489E5627EF748200C4D6B7 /* EmptyCollectionReusableView.swift in Sources */ = {isa = PBXBuildFile; fileRef = 39489E5527EF748200C4D6B7 /* EmptyCollectionReusableView.swift */; };
		39489E5927EF767D00C4D6B7 /* CharactersListPlaceholderView.swift in Sources */ = {isa = PBXBuildFile; fileRef = 39489E5827EF767D00C4D6B7 /* CharactersListPlaceholderView.swift */; };
		39DE9E5227F0561E0023952F /* APIClient.swift in Sources */ = {isa = PBXBuildFile; fileRef = 39DE9E5127F0561D0023952F /* APIClient.swift */; };
		39DE9E5427F0566E0023952F /* APIRequest.swift in Sources */ = {isa = PBXBuildFile; fileRef = 39DE9E5327F0566E0023952F /* APIRequest.swift */; };
		39DE9E5927F0575A0023952F /* APIClientImp.swift in Sources */ = {isa = PBXBuildFile; fileRef = 39DE9E5827F0575A0023952F /* APIClientImp.swift */; };
		39DE9E5B27F058230023952F /* APIRequestBuilder.swift in Sources */ = {isa = PBXBuildFile; fileRef = 39DE9E5A27F058230023952F /* APIRequestBuilder.swift */; };
		39DE9E5D27F05A450023952F /* APIResponseContainer.swift in Sources */ = {isa = PBXBuildFile; fileRef = 39DE9E5C27F05A440023952F /* APIResponseContainer.swift */; };
		39DE9E6027F05A600023952F /* APIResponse.swift in Sources */ = {isa = PBXBuildFile; fileRef = 39DE9E5F27F05A600023952F /* APIResponse.swift */; };
		39DE9E6227F05D780023952F /* APIRequestBuilderImp.swift in Sources */ = {isa = PBXBuildFile; fileRef = 39DE9E6127F05D780023952F /* APIRequestBuilderImp.swift */; };
		39DE9E6527F061A40023952F /* APIHashable.swift in Sources */ = {isa = PBXBuildFile; fileRef = 39DE9E6427F061A40023952F /* APIHashable.swift */; };
		39DE9E6727F061F00023952F /* MD5Hashable.swift in Sources */ = {isa = PBXBuildFile; fileRef = 39DE9E6627F061F00023952F /* MD5Hashable.swift */; };
		39DE9E6A27F06BCC0023952F /* MarvelEndpoints.swift in Sources */ = {isa = PBXBuildFile; fileRef = 39DE9E6927F06BCC0023952F /* MarvelEndpoints.swift */; };
		39DE9E6D27F06CB40023952F /* ServiceLocator.swift in Sources */ = {isa = PBXBuildFile; fileRef = 39DE9E6C27F06CB40023952F /* ServiceLocator.swift */; };
		39DE9E7127F06DC10023952F /* CharacterListRequest.swift in Sources */ = {isa = PBXBuildFile; fileRef = 39DE9E7027F06DC10023952F /* CharacterListRequest.swift */; };
		39DE9E7427F0B4FF0023952F /* MainCoordinator.swift in Sources */ = {isa = PBXBuildFile; fileRef = 39DE9E7327F0B4FF0023952F /* MainCoordinator.swift */; };
		39F2D9AF27F224C6002582A3 /* CharacterListLoadingState.swift in Sources */ = {isa = PBXBuildFile; fileRef = 39F2D9AE27F224C6002582A3 /* CharacterListLoadingState.swift */; };
		39F2D9B127F22D0B002582A3 /* CharacterListPlaceholder.swift in Sources */ = {isa = PBXBuildFile; fileRef = 39F2D9B027F22D0B002582A3 /* CharacterListPlaceholder.swift */; };
		39F2D9B827F24473002582A3 /* CharacterDetailsView.swift in Sources */ = {isa = PBXBuildFile; fileRef = 39F2D9B727F24473002582A3 /* CharacterDetailsView.swift */; };
		39F2D9BA27F37BC0002582A3 /* CharacterListLayoutBuilder.swift in Sources */ = {isa = PBXBuildFile; fileRef = 39F2D9B927F37BBF002582A3 /* CharacterListLayoutBuilder.swift */; };
		39F2D9C027F37DD6002582A3 /* CharacterDetailsAssembly.swift in Sources */ = {isa = PBXBuildFile; fileRef = 39F2D9BF27F37DD6002582A3 /* CharacterDetailsAssembly.swift */; };
		39F2D9C227F38494002582A3 /* CharacterDetailsViewModel.swift in Sources */ = {isa = PBXBuildFile; fileRef = 39F2D9C127F38494002582A3 /* CharacterDetailsViewModel.swift */; };
		92413D1724FF8525B2461B6A /* Pods_MarvelApp_MarvelAppUITests.framework in Frameworks */ = {isa = PBXBuildFile; fileRef = 631C4440A73E08F6C19AC502 /* Pods_MarvelApp_MarvelAppUITests.framework */; };
/* End PBXBuildFile section */

/* Begin PBXContainerItemProxy section */
		39489DF927EE3D2200C4D6B7 /* PBXContainerItemProxy */ = {
			isa = PBXContainerItemProxy;
			containerPortal = 39489DDA27EE3D1C00C4D6B7 /* Project object */;
			proxyType = 1;
			remoteGlobalIDString = 39489DE127EE3D1C00C4D6B7;
			remoteInfo = MarvelApp;
		};
		39489E0327EE3D2200C4D6B7 /* PBXContainerItemProxy */ = {
			isa = PBXContainerItemProxy;
			containerPortal = 39489DDA27EE3D1C00C4D6B7 /* Project object */;
			proxyType = 1;
			remoteGlobalIDString = 39489DE127EE3D1C00C4D6B7;
			remoteInfo = MarvelApp;
		};
/* End PBXContainerItemProxy section */

/* Begin PBXFileReference section */
		022BA7017CF18A87EF9EADB7 /* Pods-MarvelApp-MarvelAppUITests.debug.xcconfig */ = {isa = PBXFileReference; includeInIndex = 1; lastKnownFileType = text.xcconfig; name = "Pods-MarvelApp-MarvelAppUITests.debug.xcconfig"; path = "Target Support Files/Pods-MarvelApp-MarvelAppUITests/Pods-MarvelApp-MarvelAppUITests.debug.xcconfig"; sourceTree = "<group>"; };
		0592CBF960E4F3AA52CA6E66 /* Pods-MarvelAppTests.release.xcconfig */ = {isa = PBXFileReference; includeInIndex = 1; lastKnownFileType = text.xcconfig; name = "Pods-MarvelAppTests.release.xcconfig"; path = "Target Support Files/Pods-MarvelAppTests/Pods-MarvelAppTests.release.xcconfig"; sourceTree = "<group>"; };
		06CF928A7EE1AF9C30510049 /* Pods-MarvelAppTests.debug.xcconfig */ = {isa = PBXFileReference; includeInIndex = 1; lastKnownFileType = text.xcconfig; name = "Pods-MarvelAppTests.debug.xcconfig"; path = "Target Support Files/Pods-MarvelAppTests/Pods-MarvelAppTests.debug.xcconfig"; sourceTree = "<group>"; };
		391C1DB027F4B3B000A8877E /* Comic.swift */ = {isa = PBXFileReference; lastKnownFileType = sourcecode.swift; path = Comic.swift; sourceTree = "<group>"; };
		391C1DB227F4B3F700A8877E /* ID.swift */ = {isa = PBXFileReference; lastKnownFileType = sourcecode.swift; path = ID.swift; sourceTree = "<group>"; };
		391C1DB527F4B47400A8877E /* ComicService.swift */ = {isa = PBXFileReference; lastKnownFileType = sourcecode.swift; path = ComicService.swift; sourceTree = "<group>"; };
		391C1DB727F4B4A900A8877E /* ComicServiceImp.swift */ = {isa = PBXFileReference; lastKnownFileType = sourcecode.swift; path = ComicServiceImp.swift; sourceTree = "<group>"; };
		391C1DB927F4B53100A8877E /* ComicsListRequest.swift */ = {isa = PBXFileReference; lastKnownFileType = sourcecode.swift; path = ComicsListRequest.swift; sourceTree = "<group>"; };
		391C1DBB27F4B86D00A8877E /* ComicDisplayItem.swift */ = {isa = PBXFileReference; lastKnownFileType = sourcecode.swift; path = ComicDisplayItem.swift; sourceTree = "<group>"; };
		39489DE227EE3D1C00C4D6B7 /* MarvelApp.app */ = {isa = PBXFileReference; explicitFileType = wrapper.application; includeInIndex = 0; path = MarvelApp.app; sourceTree = BUILT_PRODUCTS_DIR; };
		39489DE527EE3D1C00C4D6B7 /* AppDelegate.swift */ = {isa = PBXFileReference; lastKnownFileType = sourcecode.swift; path = AppDelegate.swift; sourceTree = "<group>"; };
		39489DE727EE3D1C00C4D6B7 /* SceneDelegate.swift */ = {isa = PBXFileReference; lastKnownFileType = sourcecode.swift; path = SceneDelegate.swift; sourceTree = "<group>"; };
		39489DE927EE3D1C00C4D6B7 /* CharacterListViewController.swift */ = {isa = PBXFileReference; lastKnownFileType = sourcecode.swift; path = CharacterListViewController.swift; sourceTree = "<group>"; };
		39489DEE27EE3D2100C4D6B7 /* Images.xcassets */ = {isa = PBXFileReference; lastKnownFileType = folder.assetcatalog; path = Images.xcassets; sourceTree = "<group>"; };
		39489DF127EE3D2100C4D6B7 /* Base */ = {isa = PBXFileReference; lastKnownFileType = file.storyboard; name = Base; path = Base.lproj/LaunchScreen.storyboard; sourceTree = "<group>"; };
		39489DF327EE3D2100C4D6B7 /* Info.plist */ = {isa = PBXFileReference; lastKnownFileType = text.plist.xml; path = Info.plist; sourceTree = "<group>"; };
		39489DF827EE3D2200C4D6B7 /* MarvelAppTests.xctest */ = {isa = PBXFileReference; explicitFileType = wrapper.cfbundle; includeInIndex = 0; path = MarvelAppTests.xctest; sourceTree = BUILT_PRODUCTS_DIR; };
		39489DFC27EE3D2200C4D6B7 /* MarvelAppTests.swift */ = {isa = PBXFileReference; lastKnownFileType = sourcecode.swift; path = MarvelAppTests.swift; sourceTree = "<group>"; };
		39489E0227EE3D2200C4D6B7 /* MarvelAppUITests.xctest */ = {isa = PBXFileReference; explicitFileType = wrapper.cfbundle; includeInIndex = 0; path = MarvelAppUITests.xctest; sourceTree = BUILT_PRODUCTS_DIR; };
		39489E1727EE410600C4D6B7 /* CharacterListAssembly.swift */ = {isa = PBXFileReference; lastKnownFileType = sourcecode.swift; path = CharacterListAssembly.swift; sourceTree = "<group>"; };
		39489E1D27EE442200C4D6B7 /* Colors.xcassets */ = {isa = PBXFileReference; lastKnownFileType = folder.assetcatalog; path = Colors.xcassets; sourceTree = "<group>"; };
		39489E2227EE45B000C4D6B7 /* en */ = {isa = PBXFileReference; lastKnownFileType = text.plist.strings; name = en; path = en.lproj/Localizable.strings; sourceTree = "<group>"; };
		39489E2627EE480800C4D6B7 /* Assets.swift */ = {isa = PBXFileReference; lastKnownFileType = sourcecode.swift; path = Assets.swift; sourceTree = "<group>"; };
		39489E2B27EEDD3000C4D6B7 /* UICollectionView+Extensions.swift */ = {isa = PBXFileReference; lastKnownFileType = sourcecode.swift; path = "UICollectionView+Extensions.swift"; sourceTree = "<group>"; };
		39489E2E27EF38B600C4D6B7 /* CharacterCell.swift */ = {isa = PBXFileReference; lastKnownFileType = sourcecode.swift; path = CharacterCell.swift; sourceTree = "<group>"; };
		39489E3027EF39F100C4D6B7 /* UIView+Extensions.swift */ = {isa = PBXFileReference; lastKnownFileType = sourcecode.swift; path = "UIView+Extensions.swift"; sourceTree = "<group>"; };
		39489E3327EF3C4700C4D6B7 /* CharacterListViewModel.swift */ = {isa = PBXFileReference; lastKnownFileType = sourcecode.swift; path = CharacterListViewModel.swift; sourceTree = "<group>"; };
		39489E3727EF3E9200C4D6B7 /* CharacterService.swift */ = {isa = PBXFileReference; lastKnownFileType = sourcecode.swift; path = CharacterService.swift; sourceTree = "<group>"; };
		39489E3B27EF3F6300C4D6B7 /* Character.swift */ = {isa = PBXFileReference; lastKnownFileType = sourcecode.swift; path = Character.swift; sourceTree = "<group>"; };
		39489E3D27EF415C00C4D6B7 /* Thumbnail.swift */ = {isa = PBXFileReference; lastKnownFileType = sourcecode.swift; path = Thumbnail.swift; sourceTree = "<group>"; };
		39489E3F27EF47AE00C4D6B7 /* CharacterServiceMock.swift */ = {isa = PBXFileReference; lastKnownFileType = sourcecode.swift; path = CharacterServiceMock.swift; sourceTree = "<group>"; };
		39489E4127EF47C900C4D6B7 /* CharacterServiceImp.swift */ = {isa = PBXFileReference; lastKnownFileType = sourcecode.swift; path = CharacterServiceImp.swift; sourceTree = "<group>"; };
		39489E4427EF4E6800C4D6B7 /* UIImageView+URL.swift */ = {isa = PBXFileReference; lastKnownFileType = sourcecode.swift; path = "UIImageView+URL.swift"; sourceTree = "<group>"; };
		39489E4727EF55A000C4D6B7 /* CharacterCellDisplayItem.swift */ = {isa = PBXFileReference; lastKnownFileType = sourcecode.swift; path = CharacterCellDisplayItem.swift; sourceTree = "<group>"; };
		39489E4927EF55C700C4D6B7 /* CharactersListAdapter.swift */ = {isa = PBXFileReference; lastKnownFileType = sourcecode.swift; path = CharactersListAdapter.swift; sourceTree = "<group>"; };
		39489E4D27EF598D00C4D6B7 /* CharacterListLoadingFooterView.swift */ = {isa = PBXFileReference; lastKnownFileType = sourcecode.swift; path = CharacterListLoadingFooterView.swift; sourceTree = "<group>"; };
		39489E4F27EF599B00C4D6B7 /* CharacterListLoadingFailedFooterView.swift */ = {isa = PBXFileReference; lastKnownFileType = sourcecode.swift; path = CharacterListLoadingFailedFooterView.swift; sourceTree = "<group>"; };
		39489E5127EF67EF00C4D6B7 /* Strings.swift */ = {isa = PBXFileReference; lastKnownFileType = sourcecode.swift; path = Strings.swift; sourceTree = "<group>"; };
		39489E5327EF6DD000C4D6B7 /* ViewSpecs.swift */ = {isa = PBXFileReference; lastKnownFileType = sourcecode.swift; path = ViewSpecs.swift; sourceTree = "<group>"; };
		39489E5527EF748200C4D6B7 /* EmptyCollectionReusableView.swift */ = {isa = PBXFileReference; lastKnownFileType = sourcecode.swift; path = EmptyCollectionReusableView.swift; sourceTree = "<group>"; };
		39489E5827EF767D00C4D6B7 /* CharactersListPlaceholderView.swift */ = {isa = PBXFileReference; lastKnownFileType = sourcecode.swift; path = CharactersListPlaceholderView.swift; sourceTree = "<group>"; };
		39DE9E5127F0561D0023952F /* APIClient.swift */ = {isa = PBXFileReference; lastKnownFileType = sourcecode.swift; path = APIClient.swift; sourceTree = "<group>"; };
		39DE9E5327F0566E0023952F /* APIRequest.swift */ = {isa = PBXFileReference; lastKnownFileType = sourcecode.swift; path = APIRequest.swift; sourceTree = "<group>"; };
		39DE9E5827F0575A0023952F /* APIClientImp.swift */ = {isa = PBXFileReference; lastKnownFileType = sourcecode.swift; path = APIClientImp.swift; sourceTree = "<group>"; };
		39DE9E5A27F058230023952F /* APIRequestBuilder.swift */ = {isa = PBXFileReference; lastKnownFileType = sourcecode.swift; path = APIRequestBuilder.swift; sourceTree = "<group>"; };
		39DE9E5C27F05A440023952F /* APIResponseContainer.swift */ = {isa = PBXFileReference; lastKnownFileType = sourcecode.swift; path = APIResponseContainer.swift; sourceTree = "<group>"; };
		39DE9E5F27F05A600023952F /* APIResponse.swift */ = {isa = PBXFileReference; lastKnownFileType = sourcecode.swift; path = APIResponse.swift; sourceTree = "<group>"; };
		39DE9E6127F05D780023952F /* APIRequestBuilderImp.swift */ = {isa = PBXFileReference; lastKnownFileType = sourcecode.swift; path = APIRequestBuilderImp.swift; sourceTree = "<group>"; };
		39DE9E6427F061A40023952F /* APIHashable.swift */ = {isa = PBXFileReference; lastKnownFileType = sourcecode.swift; path = APIHashable.swift; sourceTree = "<group>"; };
		39DE9E6627F061F00023952F /* MD5Hashable.swift */ = {isa = PBXFileReference; lastKnownFileType = sourcecode.swift; path = MD5Hashable.swift; sourceTree = "<group>"; };
		39DE9E6927F06BCC0023952F /* MarvelEndpoints.swift */ = {isa = PBXFileReference; lastKnownFileType = sourcecode.swift; path = MarvelEndpoints.swift; sourceTree = "<group>"; };
		39DE9E6C27F06CB40023952F /* ServiceLocator.swift */ = {isa = PBXFileReference; lastKnownFileType = sourcecode.swift; path = ServiceLocator.swift; sourceTree = "<group>"; };
		39DE9E7027F06DC10023952F /* CharacterListRequest.swift */ = {isa = PBXFileReference; lastKnownFileType = sourcecode.swift; path = CharacterListRequest.swift; sourceTree = "<group>"; };
		39DE9E7327F0B4FF0023952F /* MainCoordinator.swift */ = {isa = PBXFileReference; lastKnownFileType = sourcecode.swift; path = MainCoordinator.swift; sourceTree = "<group>"; };
		39F2D9AE27F224C6002582A3 /* CharacterListLoadingState.swift */ = {isa = PBXFileReference; lastKnownFileType = sourcecode.swift; path = CharacterListLoadingState.swift; sourceTree = "<group>"; };
		39F2D9B027F22D0B002582A3 /* CharacterListPlaceholder.swift */ = {isa = PBXFileReference; lastKnownFileType = sourcecode.swift; path = CharacterListPlaceholder.swift; sourceTree = "<group>"; };
		39F2D9B727F24473002582A3 /* CharacterDetailsView.swift */ = {isa = PBXFileReference; lastKnownFileType = sourcecode.swift; path = CharacterDetailsView.swift; sourceTree = "<group>"; };
		39F2D9B927F37BBF002582A3 /* CharacterListLayoutBuilder.swift */ = {isa = PBXFileReference; lastKnownFileType = sourcecode.swift; path = CharacterListLayoutBuilder.swift; sourceTree = "<group>"; };
		39F2D9BF27F37DD6002582A3 /* CharacterDetailsAssembly.swift */ = {isa = PBXFileReference; lastKnownFileType = sourcecode.swift; path = CharacterDetailsAssembly.swift; sourceTree = "<group>"; };
		39F2D9C127F38494002582A3 /* CharacterDetailsViewModel.swift */ = {isa = PBXFileReference; lastKnownFileType = sourcecode.swift; path = CharacterDetailsViewModel.swift; sourceTree = "<group>"; };
		631C4440A73E08F6C19AC502 /* Pods_MarvelApp_MarvelAppUITests.framework */ = {isa = PBXFileReference; explicitFileType = wrapper.framework; includeInIndex = 0; path = Pods_MarvelApp_MarvelAppUITests.framework; sourceTree = BUILT_PRODUCTS_DIR; };
		82FDC1E2563862468EE531B3 /* Pods_MarvelApp.framework */ = {isa = PBXFileReference; explicitFileType = wrapper.framework; includeInIndex = 0; path = Pods_MarvelApp.framework; sourceTree = BUILT_PRODUCTS_DIR; };
		98C0FEB6DFCFA13AA83A93AB /* Pods-MarvelApp-MarvelAppUITests.release.xcconfig */ = {isa = PBXFileReference; includeInIndex = 1; lastKnownFileType = text.xcconfig; name = "Pods-MarvelApp-MarvelAppUITests.release.xcconfig"; path = "Target Support Files/Pods-MarvelApp-MarvelAppUITests/Pods-MarvelApp-MarvelAppUITests.release.xcconfig"; sourceTree = "<group>"; };
		9ED37D3E6DAEC437E04A134D /* Pods-MarvelApp.release.xcconfig */ = {isa = PBXFileReference; includeInIndex = 1; lastKnownFileType = text.xcconfig; name = "Pods-MarvelApp.release.xcconfig"; path = "Target Support Files/Pods-MarvelApp/Pods-MarvelApp.release.xcconfig"; sourceTree = "<group>"; };
		A87708D2FF2A4FC320D41D76 /* Pods_MarvelAppTests.framework */ = {isa = PBXFileReference; explicitFileType = wrapper.framework; includeInIndex = 0; path = Pods_MarvelAppTests.framework; sourceTree = BUILT_PRODUCTS_DIR; };
		B9E04524841471AE1113B366 /* Pods-MarvelApp.debug.xcconfig */ = {isa = PBXFileReference; includeInIndex = 1; lastKnownFileType = text.xcconfig; name = "Pods-MarvelApp.debug.xcconfig"; path = "Target Support Files/Pods-MarvelApp/Pods-MarvelApp.debug.xcconfig"; sourceTree = "<group>"; };
/* End PBXFileReference section */

/* Begin PBXFrameworksBuildPhase section */
		39489DDF27EE3D1C00C4D6B7 /* Frameworks */ = {
			isa = PBXFrameworksBuildPhase;
			buildActionMask = 2147483647;
			files = (
				1034B55B0D1C1DFE8F946223 /* Pods_MarvelApp.framework in Frameworks */,
			);
			runOnlyForDeploymentPostprocessing = 0;
		};
		39489DF527EE3D2200C4D6B7 /* Frameworks */ = {
			isa = PBXFrameworksBuildPhase;
			buildActionMask = 2147483647;
			files = (
				0AC0CA62C3A16805F3E15437 /* Pods_MarvelAppTests.framework in Frameworks */,
			);
			runOnlyForDeploymentPostprocessing = 0;
		};
		39489DFF27EE3D2200C4D6B7 /* Frameworks */ = {
			isa = PBXFrameworksBuildPhase;
			buildActionMask = 2147483647;
			files = (
				92413D1724FF8525B2461B6A /* Pods_MarvelApp_MarvelAppUITests.framework in Frameworks */,
			);
			runOnlyForDeploymentPostprocessing = 0;
		};
/* End PBXFrameworksBuildPhase section */

/* Begin PBXGroup section */
		391C1DB427F4B45F00A8877E /* ComicService */ = {
			isa = PBXGroup;
			children = (
				391C1DB527F4B47400A8877E /* ComicService.swift */,
				391C1DB727F4B4A900A8877E /* ComicServiceImp.swift */,
			);
			path = ComicService;
			sourceTree = "<group>";
		};
		392B51AA27F38BCF00D8BA79 /* ImageLoading */ = {
			isa = PBXGroup;
			children = (
				39489E4427EF4E6800C4D6B7 /* UIImageView+URL.swift */,
			);
			path = ImageLoading;
			sourceTree = "<group>";
		};
		39489DD927EE3D1C00C4D6B7 = {
			isa = PBXGroup;
			children = (
				39489DE427EE3D1C00C4D6B7 /* MarvelApp */,
				39489DFB27EE3D2200C4D6B7 /* MarvelAppTests */,
				39489DE327EE3D1C00C4D6B7 /* Products */,
				733510911B3FAEBD11BD8D8D /* Pods */,
				B7A6C06D13A77BDE06CE28CC /* Frameworks */,
			);
			sourceTree = "<group>";
		};
		39489DE327EE3D1C00C4D6B7 /* Products */ = {
			isa = PBXGroup;
			children = (
				39489DE227EE3D1C00C4D6B7 /* MarvelApp.app */,
				39489DF827EE3D2200C4D6B7 /* MarvelAppTests.xctest */,
				39489E0227EE3D2200C4D6B7 /* MarvelAppUITests.xctest */,
			);
			name = Products;
			sourceTree = "<group>";
		};
		39489DE427EE3D1C00C4D6B7 /* MarvelApp */ = {
			isa = PBXGroup;
			children = (
				39DE9E5027F055C50023952F /* Core */,
				39489E2A27EEDD1800C4D6B7 /* UI */,
				39DE9E7227F0B4E80023952F /* Routing */,
				39489E1527EE3DBB00C4D6B7 /* Modules */,
				39489DE527EE3D1C00C4D6B7 /* AppDelegate.swift */,
				39489DE727EE3D1C00C4D6B7 /* SceneDelegate.swift */,
				39489E1C27EE43C900C4D6B7 /* Resources */,
				39489DF027EE3D2100C4D6B7 /* LaunchScreen.storyboard */,
				39489DF327EE3D2100C4D6B7 /* Info.plist */,
			);
			path = MarvelApp;
			sourceTree = "<group>";
		};
		39489DFB27EE3D2200C4D6B7 /* MarvelAppTests */ = {
			isa = PBXGroup;
			children = (
				39489DFC27EE3D2200C4D6B7 /* MarvelAppTests.swift */,
			);
			path = MarvelAppTests;
			sourceTree = "<group>";
		};
		39489E1527EE3DBB00C4D6B7 /* Modules */ = {
			isa = PBXGroup;
			children = (
				39F2D9B627F24452002582A3 /* CharacterDetails */,
				39489E1627EE3DC100C4D6B7 /* CharacterList */,
			);
			path = Modules;
			sourceTree = "<group>";
		};
		39489E1627EE3DC100C4D6B7 /* CharacterList */ = {
			isa = PBXGroup;
			children = (
				39F2D9BB27F37C8D002582A3 /* Assembly */,
				39489E4B27EF595200C4D6B7 /* View */,
				39489E3227EF3BE600C4D6B7 /* ViewModel */,
			);
			path = CharacterList;
			sourceTree = "<group>";
		};
		39489E1C27EE43C900C4D6B7 /* Resources */ = {
			isa = PBXGroup;
			children = (
				39489E2527EE47FD00C4D6B7 /* Generated */,
				39489DEE27EE3D2100C4D6B7 /* Images.xcassets */,
				39489E1D27EE442200C4D6B7 /* Colors.xcassets */,
				39489E2327EE45B000C4D6B7 /* Localizable.strings */,
			);
			path = Resources;
			sourceTree = "<group>";
		};
		39489E2527EE47FD00C4D6B7 /* Generated */ = {
			isa = PBXGroup;
			children = (
				39489E2627EE480800C4D6B7 /* Assets.swift */,
				39489E5127EF67EF00C4D6B7 /* Strings.swift */,
			);
			path = Generated;
			sourceTree = "<group>";
		};
		39489E2A27EEDD1800C4D6B7 /* UI */ = {
			isa = PBXGroup;
			children = (
				392B51AA27F38BCF00D8BA79 /* ImageLoading */,
				39489E4327EF4E5600C4D6B7 /* Extensions */,
				39489E5327EF6DD000C4D6B7 /* ViewSpecs.swift */,
				39489E5527EF748200C4D6B7 /* EmptyCollectionReusableView.swift */,
			);
			path = UI;
			sourceTree = "<group>";
		};
		39489E2D27EF389600C4D6B7 /* CollectionView */ = {
			isa = PBXGroup;
			children = (
				39489E4C27EF596400C4D6B7 /* SupplementaryView */,
				39489E4627EF559000C4D6B7 /* Cell */,
				39489E4927EF55C700C4D6B7 /* CharactersListAdapter.swift */,
				39F2D9B927F37BBF002582A3 /* CharacterListLayoutBuilder.swift */,
			);
			path = CollectionView;
			sourceTree = "<group>";
		};
		39489E3227EF3BE600C4D6B7 /* ViewModel */ = {
			isa = PBXGroup;
			children = (
				39489E3327EF3C4700C4D6B7 /* CharacterListViewModel.swift */,
				39F2D9AE27F224C6002582A3 /* CharacterListLoadingState.swift */,
			);
			path = ViewModel;
			sourceTree = "<group>";
		};
		39489E3527EF3E5900C4D6B7 /* Services */ = {
			isa = PBXGroup;
			children = (
				391C1DB427F4B45F00A8877E /* ComicService */,
				39489E3627EF3E7700C4D6B7 /* CharacterService */,
			);
			path = Services;
			sourceTree = "<group>";
		};
		39489E3627EF3E7700C4D6B7 /* CharacterService */ = {
			isa = PBXGroup;
			children = (
				39489E3727EF3E9200C4D6B7 /* CharacterService.swift */,
				39489E3F27EF47AE00C4D6B7 /* CharacterServiceMock.swift */,
				39489E4127EF47C900C4D6B7 /* CharacterServiceImp.swift */,
			);
			path = CharacterService;
			sourceTree = "<group>";
		};
		39489E3927EF3EF100C4D6B7 /* Domain */ = {
			isa = PBXGroup;
			children = (
				39DE9E6B27F06C980023952F /* ServiceLocator */,
				39489E3A27EF3EFE00C4D6B7 /* Entities */,
				39489E3527EF3E5900C4D6B7 /* Services */,
			);
			path = Domain;
			sourceTree = "<group>";
		};
		39489E3A27EF3EFE00C4D6B7 /* Entities */ = {
			isa = PBXGroup;
			children = (
				39489E3B27EF3F6300C4D6B7 /* Character.swift */,
				39489E3D27EF415C00C4D6B7 /* Thumbnail.swift */,
				391C1DB027F4B3B000A8877E /* Comic.swift */,
				391C1DB227F4B3F700A8877E /* ID.swift */,
			);
			path = Entities;
			sourceTree = "<group>";
		};
		39489E4327EF4E5600C4D6B7 /* Extensions */ = {
			isa = PBXGroup;
			children = (
				39489E2B27EEDD3000C4D6B7 /* UICollectionView+Extensions.swift */,
				39489E3027EF39F100C4D6B7 /* UIView+Extensions.swift */,
			);
			path = Extensions;
			sourceTree = "<group>";
		};
		39489E4627EF559000C4D6B7 /* Cell */ = {
			isa = PBXGroup;
			children = (
				39489E2E27EF38B600C4D6B7 /* CharacterCell.swift */,
				39489E4727EF55A000C4D6B7 /* CharacterCellDisplayItem.swift */,
			);
			path = Cell;
			sourceTree = "<group>";
		};
		39489E4B27EF595200C4D6B7 /* View */ = {
			isa = PBXGroup;
			children = (
				39489E5727EF765000C4D6B7 /* PlaceholderView */,
				39489E2D27EF389600C4D6B7 /* CollectionView */,
				39489DE927EE3D1C00C4D6B7 /* CharacterListViewController.swift */,
			);
			path = View;
			sourceTree = "<group>";
		};
		39489E4C27EF596400C4D6B7 /* SupplementaryView */ = {
			isa = PBXGroup;
			children = (
				39489E4D27EF598D00C4D6B7 /* CharacterListLoadingFooterView.swift */,
				39489E4F27EF599B00C4D6B7 /* CharacterListLoadingFailedFooterView.swift */,
			);
			path = SupplementaryView;
			sourceTree = "<group>";
		};
		39489E5727EF765000C4D6B7 /* PlaceholderView */ = {
			isa = PBXGroup;
			children = (
				39489E5827EF767D00C4D6B7 /* CharactersListPlaceholderView.swift */,
				39F2D9B027F22D0B002582A3 /* CharacterListPlaceholder.swift */,
			);
			path = PlaceholderView;
			sourceTree = "<group>";
		};
		39DE9E5027F055C50023952F /* Core */ = {
			isa = PBXGroup;
			children = (
				39489E3927EF3EF100C4D6B7 /* Domain */,
				39DE9E5527F057370023952F /* Network */,
			);
			path = Core;
			sourceTree = "<group>";
		};
		39DE9E5527F057370023952F /* Network */ = {
			isa = PBXGroup;
			children = (
				39DE9E6F27F06DA70023952F /* Requests */,
				39DE9E6827F06BC00023952F /* Endpoints */,
				39DE9E6327F061960023952F /* APIHasher */,
				39DE9E5E27F05A4D0023952F /* APIResponse */,
				39DE9E5727F057490023952F /* APIRequest */,
				39DE9E5627F0573F0023952F /* APIClient */,
			);
			path = Network;
			sourceTree = "<group>";
		};
		39DE9E5627F0573F0023952F /* APIClient */ = {
			isa = PBXGroup;
			children = (
				39DE9E5127F0561D0023952F /* APIClient.swift */,
				39DE9E5827F0575A0023952F /* APIClientImp.swift */,
			);
			path = APIClient;
			sourceTree = "<group>";
		};
		39DE9E5727F057490023952F /* APIRequest */ = {
			isa = PBXGroup;
			children = (
				39DE9E5327F0566E0023952F /* APIRequest.swift */,
				39DE9E5A27F058230023952F /* APIRequestBuilder.swift */,
				39DE9E6127F05D780023952F /* APIRequestBuilderImp.swift */,
			);
			path = APIRequest;
			sourceTree = "<group>";
		};
		39DE9E5E27F05A4D0023952F /* APIResponse */ = {
			isa = PBXGroup;
			children = (
				39DE9E5C27F05A440023952F /* APIResponseContainer.swift */,
				39DE9E5F27F05A600023952F /* APIResponse.swift */,
			);
			path = APIResponse;
			sourceTree = "<group>";
		};
		39DE9E6327F061960023952F /* APIHasher */ = {
			isa = PBXGroup;
			children = (
				39DE9E6427F061A40023952F /* APIHashable.swift */,
				39DE9E6627F061F00023952F /* MD5Hashable.swift */,
			);
			path = APIHasher;
			sourceTree = "<group>";
		};
		39DE9E6827F06BC00023952F /* Endpoints */ = {
			isa = PBXGroup;
			children = (
				39DE9E6927F06BCC0023952F /* MarvelEndpoints.swift */,
			);
			path = Endpoints;
			sourceTree = "<group>";
		};
		39DE9E6B27F06C980023952F /* ServiceLocator */ = {
			isa = PBXGroup;
			children = (
				39DE9E6C27F06CB40023952F /* ServiceLocator.swift */,
			);
			path = ServiceLocator;
			sourceTree = "<group>";
		};
		39DE9E6F27F06DA70023952F /* Requests */ = {
			isa = PBXGroup;
			children = (
				39DE9E7027F06DC10023952F /* CharacterListRequest.swift */,
				391C1DB927F4B53100A8877E /* ComicsListRequest.swift */,
			);
			path = Requests;
			sourceTree = "<group>";
		};
		39DE9E7227F0B4E80023952F /* Routing */ = {
			isa = PBXGroup;
			children = (
				39DE9E7327F0B4FF0023952F /* MainCoordinator.swift */,
			);
			path = Routing;
			sourceTree = "<group>";
		};
		39F2D9B627F24452002582A3 /* CharacterDetails */ = {
			isa = PBXGroup;
			children = (
				39F2D9BE27F37DC5002582A3 /* Assembly */,
				39F2D9BD27F37DC1002582A3 /* ViewModel */,
				39F2D9BC27F37DB9002582A3 /* View */,
			);
			path = CharacterDetails;
			sourceTree = "<group>";
		};
		39F2D9BB27F37C8D002582A3 /* Assembly */ = {
			isa = PBXGroup;
			children = (
				39489E1727EE410600C4D6B7 /* CharacterListAssembly.swift */,
			);
			path = Assembly;
			sourceTree = "<group>";
		};
		39F2D9BC27F37DB9002582A3 /* View */ = {
			isa = PBXGroup;
			children = (
				39F2D9B727F24473002582A3 /* CharacterDetailsView.swift */,
				391C1DBB27F4B86D00A8877E /* ComicDisplayItem.swift */,
			);
			path = View;
			sourceTree = "<group>";
		};
		39F2D9BD27F37DC1002582A3 /* ViewModel */ = {
			isa = PBXGroup;
			children = (
				39F2D9C127F38494002582A3 /* CharacterDetailsViewModel.swift */,
			);
			path = ViewModel;
			sourceTree = "<group>";
		};
		39F2D9BE27F37DC5002582A3 /* Assembly */ = {
			isa = PBXGroup;
			children = (
				39F2D9BF27F37DD6002582A3 /* CharacterDetailsAssembly.swift */,
			);
			path = Assembly;
			sourceTree = "<group>";
		};
		733510911B3FAEBD11BD8D8D /* Pods */ = {
			isa = PBXGroup;
			children = (
				B9E04524841471AE1113B366 /* Pods-MarvelApp.debug.xcconfig */,
				9ED37D3E6DAEC437E04A134D /* Pods-MarvelApp.release.xcconfig */,
				022BA7017CF18A87EF9EADB7 /* Pods-MarvelApp-MarvelAppUITests.debug.xcconfig */,
				98C0FEB6DFCFA13AA83A93AB /* Pods-MarvelApp-MarvelAppUITests.release.xcconfig */,
				06CF928A7EE1AF9C30510049 /* Pods-MarvelAppTests.debug.xcconfig */,
				0592CBF960E4F3AA52CA6E66 /* Pods-MarvelAppTests.release.xcconfig */,
			);
			path = Pods;
			sourceTree = "<group>";
		};
		B7A6C06D13A77BDE06CE28CC /* Frameworks */ = {
			isa = PBXGroup;
			children = (
				82FDC1E2563862468EE531B3 /* Pods_MarvelApp.framework */,
				631C4440A73E08F6C19AC502 /* Pods_MarvelApp_MarvelAppUITests.framework */,
				A87708D2FF2A4FC320D41D76 /* Pods_MarvelAppTests.framework */,
			);
			name = Frameworks;
			sourceTree = "<group>";
		};
/* End PBXGroup section */

/* Begin PBXNativeTarget section */
		39489DE127EE3D1C00C4D6B7 /* MarvelApp */ = {
			isa = PBXNativeTarget;
			buildConfigurationList = 39489E0C27EE3D2200C4D6B7 /* Build configuration list for PBXNativeTarget "MarvelApp" */;
			buildPhases = (
				64C644CE723D09F7C86A152C /* [CP] Check Pods Manifest.lock */,
				39489E2427EE46E200C4D6B7 /* ShellScript */,
				39489DDE27EE3D1C00C4D6B7 /* Sources */,
				39489DDF27EE3D1C00C4D6B7 /* Frameworks */,
				39489DE027EE3D1C00C4D6B7 /* Resources */,
				3A38CB412B7A81ADB35CD88D /* [CP] Embed Pods Frameworks */,
			);
			buildRules = (
			);
			dependencies = (
			);
			name = MarvelApp;
			productName = MarvelApp;
			productReference = 39489DE227EE3D1C00C4D6B7 /* MarvelApp.app */;
			productType = "com.apple.product-type.application";
		};
		39489DF727EE3D2200C4D6B7 /* MarvelAppTests */ = {
			isa = PBXNativeTarget;
			buildConfigurationList = 39489E0F27EE3D2200C4D6B7 /* Build configuration list for PBXNativeTarget "MarvelAppTests" */;
			buildPhases = (
				33FF6E4F3A36C8B3F866295D /* [CP] Check Pods Manifest.lock */,
				39489DF427EE3D2200C4D6B7 /* Sources */,
				39489DF527EE3D2200C4D6B7 /* Frameworks */,
				39489DF627EE3D2200C4D6B7 /* Resources */,
			);
			buildRules = (
			);
			dependencies = (
				39489DFA27EE3D2200C4D6B7 /* PBXTargetDependency */,
			);
			name = MarvelAppTests;
			productName = MarvelAppTests;
			productReference = 39489DF827EE3D2200C4D6B7 /* MarvelAppTests.xctest */;
			productType = "com.apple.product-type.bundle.unit-test";
		};
		39489E0127EE3D2200C4D6B7 /* MarvelAppUITests */ = {
			isa = PBXNativeTarget;
			buildConfigurationList = 39489E1227EE3D2200C4D6B7 /* Build configuration list for PBXNativeTarget "MarvelAppUITests" */;
			buildPhases = (
				D19B3245FCF7D577ADAECCF4 /* [CP] Check Pods Manifest.lock */,
				39489DFE27EE3D2200C4D6B7 /* Sources */,
				39489DFF27EE3D2200C4D6B7 /* Frameworks */,
				39489E0027EE3D2200C4D6B7 /* Resources */,
				C0A47C81B1AF0582964B85DE /* [CP] Embed Pods Frameworks */,
			);
			buildRules = (
			);
			dependencies = (
				39489E0427EE3D2200C4D6B7 /* PBXTargetDependency */,
			);
			name = MarvelAppUITests;
			productName = MarvelAppUITests;
			productReference = 39489E0227EE3D2200C4D6B7 /* MarvelAppUITests.xctest */;
			productType = "com.apple.product-type.bundle.ui-testing";
		};
/* End PBXNativeTarget section */

/* Begin PBXProject section */
		39489DDA27EE3D1C00C4D6B7 /* Project object */ = {
			isa = PBXProject;
			attributes = {
				BuildIndependentTargetsInParallel = 1;
				LastSwiftUpdateCheck = 1330;
				LastUpgradeCheck = 1330;
				TargetAttributes = {
					39489DE127EE3D1C00C4D6B7 = {
						CreatedOnToolsVersion = 13.3;
					};
					39489DF727EE3D2200C4D6B7 = {
						CreatedOnToolsVersion = 13.3;
						TestTargetID = 39489DE127EE3D1C00C4D6B7;
					};
					39489E0127EE3D2200C4D6B7 = {
						CreatedOnToolsVersion = 13.3;
						TestTargetID = 39489DE127EE3D1C00C4D6B7;
					};
				};
			};
			buildConfigurationList = 39489DDD27EE3D1C00C4D6B7 /* Build configuration list for PBXProject "MarvelApp" */;
			compatibilityVersion = "Xcode 13.0";
			developmentRegion = en;
			hasScannedForEncodings = 0;
			knownRegions = (
				en,
				Base,
			);
			mainGroup = 39489DD927EE3D1C00C4D6B7;
			productRefGroup = 39489DE327EE3D1C00C4D6B7 /* Products */;
			projectDirPath = "";
			projectRoot = "";
			targets = (
				39489DE127EE3D1C00C4D6B7 /* MarvelApp */,
				39489DF727EE3D2200C4D6B7 /* MarvelAppTests */,
				39489E0127EE3D2200C4D6B7 /* MarvelAppUITests */,
			);
		};
/* End PBXProject section */

/* Begin PBXResourcesBuildPhase section */
		39489DE027EE3D1C00C4D6B7 /* Resources */ = {
			isa = PBXResourcesBuildPhase;
			buildActionMask = 2147483647;
			files = (
				39489E1E27EE442200C4D6B7 /* Colors.xcassets in Resources */,
				39489E2127EE45B000C4D6B7 /* Localizable.strings in Resources */,
				39489DF227EE3D2100C4D6B7 /* LaunchScreen.storyboard in Resources */,
				39489DEF27EE3D2100C4D6B7 /* Images.xcassets in Resources */,
			);
			runOnlyForDeploymentPostprocessing = 0;
		};
		39489DF627EE3D2200C4D6B7 /* Resources */ = {
			isa = PBXResourcesBuildPhase;
			buildActionMask = 2147483647;
			files = (
			);
			runOnlyForDeploymentPostprocessing = 0;
		};
		39489E0027EE3D2200C4D6B7 /* Resources */ = {
			isa = PBXResourcesBuildPhase;
			buildActionMask = 2147483647;
			files = (
			);
			runOnlyForDeploymentPostprocessing = 0;
		};
/* End PBXResourcesBuildPhase section */

/* Begin PBXShellScriptBuildPhase section */
		33FF6E4F3A36C8B3F866295D /* [CP] Check Pods Manifest.lock */ = {
			isa = PBXShellScriptBuildPhase;
			buildActionMask = 2147483647;
			files = (
			);
			inputFileListPaths = (
			);
			inputPaths = (
				"${PODS_PODFILE_DIR_PATH}/Podfile.lock",
				"${PODS_ROOT}/Manifest.lock",
			);
			name = "[CP] Check Pods Manifest.lock";
			outputFileListPaths = (
			);
			outputPaths = (
				"$(DERIVED_FILE_DIR)/Pods-MarvelAppTests-checkManifestLockResult.txt",
			);
			runOnlyForDeploymentPostprocessing = 0;
			shellPath = /bin/sh;
			shellScript = "diff \"${PODS_PODFILE_DIR_PATH}/Podfile.lock\" \"${PODS_ROOT}/Manifest.lock\" > /dev/null\nif [ $? != 0 ] ; then\n    # print error to STDERR\n    echo \"error: The sandbox is not in sync with the Podfile.lock. Run 'pod install' or update your CocoaPods installation.\" >&2\n    exit 1\nfi\n# This output is used by Xcode 'outputs' to avoid re-running this script phase.\necho \"SUCCESS\" > \"${SCRIPT_OUTPUT_FILE_0}\"\n";
			showEnvVarsInLog = 0;
		};
		39489E2427EE46E200C4D6B7 /* ShellScript */ = {
			isa = PBXShellScriptBuildPhase;
			buildActionMask = 2147483647;
			files = (
			);
			inputFileListPaths = (
			);
			inputPaths = (
			);
			outputFileListPaths = (
			);
			outputPaths = (
			);
			runOnlyForDeploymentPostprocessing = 0;
			shellPath = /bin/sh;
			shellScript = "if [[ -f \"${PODS_ROOT}/SwiftLint/swiftlint\" ]]; then\n    \"${PODS_ROOT}/SwiftLint/swiftlint autocorrect\"\n    \"${PODS_ROOT}/SwiftLint/swiftlint\"\nelse\n    echo \"warning swiftlint is not installed. Run 'pod install --repo-update' to install it.\"\nfi\n\nif [[ -f \"${PODS_ROOT}/SwiftGen/bin/swiftgen\" ]]; then\n  \"${PODS_ROOT}/SwiftGen/bin/swiftgen\"\nelse\n  echo \"warning: SwiftGen is not installed. Run 'pod install --repo-update' to install it.\"\nfi\n";
		};
		3A38CB412B7A81ADB35CD88D /* [CP] Embed Pods Frameworks */ = {
			isa = PBXShellScriptBuildPhase;
			buildActionMask = 2147483647;
			files = (
			);
			inputFileListPaths = (
				"${PODS_ROOT}/Target Support Files/Pods-MarvelApp/Pods-MarvelApp-frameworks-${CONFIGURATION}-input-files.xcfilelist",
			);
			name = "[CP] Embed Pods Frameworks";
			outputFileListPaths = (
				"${PODS_ROOT}/Target Support Files/Pods-MarvelApp/Pods-MarvelApp-frameworks-${CONFIGURATION}-output-files.xcfilelist",
			);
			runOnlyForDeploymentPostprocessing = 0;
			shellPath = /bin/sh;
			shellScript = "\"${PODS_ROOT}/Target Support Files/Pods-MarvelApp/Pods-MarvelApp-frameworks.sh\"\n";
			showEnvVarsInLog = 0;
		};
		64C644CE723D09F7C86A152C /* [CP] Check Pods Manifest.lock */ = {
			isa = PBXShellScriptBuildPhase;
			buildActionMask = 2147483647;
			files = (
			);
			inputFileListPaths = (
			);
			inputPaths = (
				"${PODS_PODFILE_DIR_PATH}/Podfile.lock",
				"${PODS_ROOT}/Manifest.lock",
			);
			name = "[CP] Check Pods Manifest.lock";
			outputFileListPaths = (
			);
			outputPaths = (
				"$(DERIVED_FILE_DIR)/Pods-MarvelApp-checkManifestLockResult.txt",
			);
			runOnlyForDeploymentPostprocessing = 0;
			shellPath = /bin/sh;
			shellScript = "diff \"${PODS_PODFILE_DIR_PATH}/Podfile.lock\" \"${PODS_ROOT}/Manifest.lock\" > /dev/null\nif [ $? != 0 ] ; then\n    # print error to STDERR\n    echo \"error: The sandbox is not in sync with the Podfile.lock. Run 'pod install' or update your CocoaPods installation.\" >&2\n    exit 1\nfi\n# This output is used by Xcode 'outputs' to avoid re-running this script phase.\necho \"SUCCESS\" > \"${SCRIPT_OUTPUT_FILE_0}\"\n";
			showEnvVarsInLog = 0;
		};
		C0A47C81B1AF0582964B85DE /* [CP] Embed Pods Frameworks */ = {
			isa = PBXShellScriptBuildPhase;
			buildActionMask = 2147483647;
			files = (
			);
			inputFileListPaths = (
				"${PODS_ROOT}/Target Support Files/Pods-MarvelApp-MarvelAppUITests/Pods-MarvelApp-MarvelAppUITests-frameworks-${CONFIGURATION}-input-files.xcfilelist",
			);
			name = "[CP] Embed Pods Frameworks";
			outputFileListPaths = (
				"${PODS_ROOT}/Target Support Files/Pods-MarvelApp-MarvelAppUITests/Pods-MarvelApp-MarvelAppUITests-frameworks-${CONFIGURATION}-output-files.xcfilelist",
			);
			runOnlyForDeploymentPostprocessing = 0;
			shellPath = /bin/sh;
			shellScript = "\"${PODS_ROOT}/Target Support Files/Pods-MarvelApp-MarvelAppUITests/Pods-MarvelApp-MarvelAppUITests-frameworks.sh\"\n";
			showEnvVarsInLog = 0;
		};
		D19B3245FCF7D577ADAECCF4 /* [CP] Check Pods Manifest.lock */ = {
			isa = PBXShellScriptBuildPhase;
			buildActionMask = 2147483647;
			files = (
			);
			inputFileListPaths = (
			);
			inputPaths = (
				"${PODS_PODFILE_DIR_PATH}/Podfile.lock",
				"${PODS_ROOT}/Manifest.lock",
			);
			name = "[CP] Check Pods Manifest.lock";
			outputFileListPaths = (
			);
			outputPaths = (
				"$(DERIVED_FILE_DIR)/Pods-MarvelApp-MarvelAppUITests-checkManifestLockResult.txt",
			);
			runOnlyForDeploymentPostprocessing = 0;
			shellPath = /bin/sh;
			shellScript = "diff \"${PODS_PODFILE_DIR_PATH}/Podfile.lock\" \"${PODS_ROOT}/Manifest.lock\" > /dev/null\nif [ $? != 0 ] ; then\n    # print error to STDERR\n    echo \"error: The sandbox is not in sync with the Podfile.lock. Run 'pod install' or update your CocoaPods installation.\" >&2\n    exit 1\nfi\n# This output is used by Xcode 'outputs' to avoid re-running this script phase.\necho \"SUCCESS\" > \"${SCRIPT_OUTPUT_FILE_0}\"\n";
			showEnvVarsInLog = 0;
		};
/* End PBXShellScriptBuildPhase section */

/* Begin PBXSourcesBuildPhase section */
		39489DDE27EE3D1C00C4D6B7 /* Sources */ = {
			isa = PBXSourcesBuildPhase;
			buildActionMask = 2147483647;
			files = (
				39489E2F27EF38B600C4D6B7 /* CharacterCell.swift in Sources */,
				39489E1827EE410600C4D6B7 /* CharacterListAssembly.swift in Sources */,
				39489E5227EF67EF00C4D6B7 /* Strings.swift in Sources */,
				39DE9E5427F0566E0023952F /* APIRequest.swift in Sources */,
				39DE9E6027F05A600023952F /* APIResponse.swift in Sources */,
				39489E3E27EF415C00C4D6B7 /* Thumbnail.swift in Sources */,
				39489DEA27EE3D1C00C4D6B7 /* CharacterListViewController.swift in Sources */,
				39489E2C27EEDD3100C4D6B7 /* UICollectionView+Extensions.swift in Sources */,
				39489E3C27EF3F6300C4D6B7 /* Character.swift in Sources */,
				39489E4227EF47C900C4D6B7 /* CharacterServiceImp.swift in Sources */,
				39F2D9BA27F37BC0002582A3 /* CharacterListLayoutBuilder.swift in Sources */,
				39DE9E6727F061F00023952F /* MD5Hashable.swift in Sources */,
				391C1DBA27F4B53100A8877E /* ComicsListRequest.swift in Sources */,
				391C1DB327F4B3F700A8877E /* ID.swift in Sources */,
				39DE9E5D27F05A450023952F /* APIResponseContainer.swift in Sources */,
				39DE9E7127F06DC10023952F /* CharacterListRequest.swift in Sources */,
				39489E5027EF599B00C4D6B7 /* CharacterListLoadingFailedFooterView.swift in Sources */,
				39DE9E5927F0575A0023952F /* APIClientImp.swift in Sources */,
				39489E2727EE480800C4D6B7 /* Assets.swift in Sources */,
				39489E3827EF3E9200C4D6B7 /* CharacterService.swift in Sources */,
				39F2D9C027F37DD6002582A3 /* CharacterDetailsAssembly.swift in Sources */,
				39DE9E6527F061A40023952F /* APIHashable.swift in Sources */,
				391C1DB127F4B3B000A8877E /* Comic.swift in Sources */,
				39F2D9AF27F224C6002582A3 /* CharacterListLoadingState.swift in Sources */,
				39DE9E6A27F06BCC0023952F /* MarvelEndpoints.swift in Sources */,
				391C1DB827F4B4A900A8877E /* ComicServiceImp.swift in Sources */,
				39DE9E5B27F058230023952F /* APIRequestBuilder.swift in Sources */,
				39F2D9C227F38494002582A3 /* CharacterDetailsViewModel.swift in Sources */,
				39DE9E5227F0561E0023952F /* APIClient.swift in Sources */,
				39489E4A27EF55C700C4D6B7 /* CharactersListAdapter.swift in Sources */,
				39489E3427EF3C4700C4D6B7 /* CharacterListViewModel.swift in Sources */,
				39489E5627EF748200C4D6B7 /* EmptyCollectionReusableView.swift in Sources */,
				39489E5427EF6DD000C4D6B7 /* ViewSpecs.swift in Sources */,
				391C1DBC27F4B86D00A8877E /* ComicDisplayItem.swift in Sources */,
				39DE9E7427F0B4FF0023952F /* MainCoordinator.swift in Sources */,
				39489E4E27EF598D00C4D6B7 /* CharacterListLoadingFooterView.swift in Sources */,
				39489E5927EF767D00C4D6B7 /* CharactersListPlaceholderView.swift in Sources */,
				39F2D9B127F22D0B002582A3 /* CharacterListPlaceholder.swift in Sources */,
				39489E4027EF47AE00C4D6B7 /* CharacterServiceMock.swift in Sources */,
				39489E4827EF55A000C4D6B7 /* CharacterCellDisplayItem.swift in Sources */,
				39DE9E6227F05D780023952F /* APIRequestBuilderImp.swift in Sources */,
				39489DE627EE3D1C00C4D6B7 /* AppDelegate.swift in Sources */,
				39489E4527EF4E6800C4D6B7 /* UIImageView+URL.swift in Sources */,
				391C1DB627F4B47400A8877E /* ComicService.swift in Sources */,
				39489E3127EF39F100C4D6B7 /* UIView+Extensions.swift in Sources */,
				39DE9E6D27F06CB40023952F /* ServiceLocator.swift in Sources */,
				39489DE827EE3D1C00C4D6B7 /* SceneDelegate.swift in Sources */,
				39F2D9B827F24473002582A3 /* CharacterDetailsView.swift in Sources */,
			);
			runOnlyForDeploymentPostprocessing = 0;
		};
		39489DF427EE3D2200C4D6B7 /* Sources */ = {
			isa = PBXSourcesBuildPhase;
			buildActionMask = 2147483647;
			files = (
				39489DFD27EE3D2200C4D6B7 /* MarvelAppTests.swift in Sources */,
			);
			runOnlyForDeploymentPostprocessing = 0;
		};
		39489DFE27EE3D2200C4D6B7 /* Sources */ = {
			isa = PBXSourcesBuildPhase;
			buildActionMask = 2147483647;
			files = (
			);
			runOnlyForDeploymentPostprocessing = 0;
		};
/* End PBXSourcesBuildPhase section */

/* Begin PBXTargetDependency section */
		39489DFA27EE3D2200C4D6B7 /* PBXTargetDependency */ = {
			isa = PBXTargetDependency;
			target = 39489DE127EE3D1C00C4D6B7 /* MarvelApp */;
			targetProxy = 39489DF927EE3D2200C4D6B7 /* PBXContainerItemProxy */;
		};
		39489E0427EE3D2200C4D6B7 /* PBXTargetDependency */ = {
			isa = PBXTargetDependency;
			target = 39489DE127EE3D1C00C4D6B7 /* MarvelApp */;
			targetProxy = 39489E0327EE3D2200C4D6B7 /* PBXContainerItemProxy */;
		};
/* End PBXTargetDependency section */

/* Begin PBXVariantGroup section */
		39489DF027EE3D2100C4D6B7 /* LaunchScreen.storyboard */ = {
			isa = PBXVariantGroup;
			children = (
				39489DF127EE3D2100C4D6B7 /* Base */,
			);
			name = LaunchScreen.storyboard;
			sourceTree = "<group>";
		};
		39489E2327EE45B000C4D6B7 /* Localizable.strings */ = {
			isa = PBXVariantGroup;
			children = (
				39489E2227EE45B000C4D6B7 /* en */,
			);
			name = Localizable.strings;
			sourceTree = "<group>";
		};
/* End PBXVariantGroup section */

/* Begin XCBuildConfiguration section */
		39489E0A27EE3D2200C4D6B7 /* Debug */ = {
			isa = XCBuildConfiguration;
			buildSettings = {
				ALWAYS_SEARCH_USER_PATHS = NO;
				CLANG_ANALYZER_NONNULL = YES;
				CLANG_ANALYZER_NUMBER_OBJECT_CONVERSION = YES_AGGRESSIVE;
				CLANG_CXX_LANGUAGE_STANDARD = "gnu++17";
				CLANG_ENABLE_MODULES = YES;
				CLANG_ENABLE_OBJC_ARC = YES;
				CLANG_ENABLE_OBJC_WEAK = YES;
				CLANG_WARN_BLOCK_CAPTURE_AUTORELEASING = YES;
				CLANG_WARN_BOOL_CONVERSION = YES;
				CLANG_WARN_COMMA = YES;
				CLANG_WARN_CONSTANT_CONVERSION = YES;
				CLANG_WARN_DEPRECATED_OBJC_IMPLEMENTATIONS = YES;
				CLANG_WARN_DIRECT_OBJC_ISA_USAGE = YES_ERROR;
				CLANG_WARN_DOCUMENTATION_COMMENTS = YES;
				CLANG_WARN_EMPTY_BODY = YES;
				CLANG_WARN_ENUM_CONVERSION = YES;
				CLANG_WARN_INFINITE_RECURSION = YES;
				CLANG_WARN_INT_CONVERSION = YES;
				CLANG_WARN_NON_LITERAL_NULL_CONVERSION = YES;
				CLANG_WARN_OBJC_IMPLICIT_RETAIN_SELF = YES;
				CLANG_WARN_OBJC_LITERAL_CONVERSION = YES;
				CLANG_WARN_OBJC_ROOT_CLASS = YES_ERROR;
				CLANG_WARN_QUOTED_INCLUDE_IN_FRAMEWORK_HEADER = YES;
				CLANG_WARN_RANGE_LOOP_ANALYSIS = YES;
				CLANG_WARN_STRICT_PROTOTYPES = YES;
				CLANG_WARN_SUSPICIOUS_MOVE = YES;
				CLANG_WARN_UNGUARDED_AVAILABILITY = YES_AGGRESSIVE;
				CLANG_WARN_UNREACHABLE_CODE = YES;
				CLANG_WARN__DUPLICATE_METHOD_MATCH = YES;
				COPY_PHASE_STRIP = NO;
				DEBUG_INFORMATION_FORMAT = dwarf;
				ENABLE_STRICT_OBJC_MSGSEND = YES;
				ENABLE_TESTABILITY = YES;
				GCC_C_LANGUAGE_STANDARD = gnu11;
				GCC_DYNAMIC_NO_PIC = NO;
				GCC_NO_COMMON_BLOCKS = YES;
				GCC_OPTIMIZATION_LEVEL = 0;
				GCC_PREPROCESSOR_DEFINITIONS = (
					"DEBUG=1",
					"$(inherited)",
				);
				GCC_WARN_64_TO_32_BIT_CONVERSION = YES;
				GCC_WARN_ABOUT_RETURN_TYPE = YES_ERROR;
				GCC_WARN_UNDECLARED_SELECTOR = YES;
				GCC_WARN_UNINITIALIZED_AUTOS = YES_AGGRESSIVE;
				GCC_WARN_UNUSED_FUNCTION = YES;
				GCC_WARN_UNUSED_VARIABLE = YES;
				IPHONEOS_DEPLOYMENT_TARGET = 14.0;
				MTL_ENABLE_DEBUG_INFO = INCLUDE_SOURCE;
				MTL_FAST_MATH = YES;
				ONLY_ACTIVE_ARCH = YES;
				SDKROOT = iphoneos;
				SWIFT_ACTIVE_COMPILATION_CONDITIONS = DEBUG;
				SWIFT_OPTIMIZATION_LEVEL = "-Onone";
			};
			name = Debug;
		};
		39489E0B27EE3D2200C4D6B7 /* Release */ = {
			isa = XCBuildConfiguration;
			buildSettings = {
				ALWAYS_SEARCH_USER_PATHS = NO;
				CLANG_ANALYZER_NONNULL = YES;
				CLANG_ANALYZER_NUMBER_OBJECT_CONVERSION = YES_AGGRESSIVE;
				CLANG_CXX_LANGUAGE_STANDARD = "gnu++17";
				CLANG_ENABLE_MODULES = YES;
				CLANG_ENABLE_OBJC_ARC = YES;
				CLANG_ENABLE_OBJC_WEAK = YES;
				CLANG_WARN_BLOCK_CAPTURE_AUTORELEASING = YES;
				CLANG_WARN_BOOL_CONVERSION = YES;
				CLANG_WARN_COMMA = YES;
				CLANG_WARN_CONSTANT_CONVERSION = YES;
				CLANG_WARN_DEPRECATED_OBJC_IMPLEMENTATIONS = YES;
				CLANG_WARN_DIRECT_OBJC_ISA_USAGE = YES_ERROR;
				CLANG_WARN_DOCUMENTATION_COMMENTS = YES;
				CLANG_WARN_EMPTY_BODY = YES;
				CLANG_WARN_ENUM_CONVERSION = YES;
				CLANG_WARN_INFINITE_RECURSION = YES;
				CLANG_WARN_INT_CONVERSION = YES;
				CLANG_WARN_NON_LITERAL_NULL_CONVERSION = YES;
				CLANG_WARN_OBJC_IMPLICIT_RETAIN_SELF = YES;
				CLANG_WARN_OBJC_LITERAL_CONVERSION = YES;
				CLANG_WARN_OBJC_ROOT_CLASS = YES_ERROR;
				CLANG_WARN_QUOTED_INCLUDE_IN_FRAMEWORK_HEADER = YES;
				CLANG_WARN_RANGE_LOOP_ANALYSIS = YES;
				CLANG_WARN_STRICT_PROTOTYPES = YES;
				CLANG_WARN_SUSPICIOUS_MOVE = YES;
				CLANG_WARN_UNGUARDED_AVAILABILITY = YES_AGGRESSIVE;
				CLANG_WARN_UNREACHABLE_CODE = YES;
				CLANG_WARN__DUPLICATE_METHOD_MATCH = YES;
				COPY_PHASE_STRIP = NO;
				DEBUG_INFORMATION_FORMAT = "dwarf-with-dsym";
				ENABLE_NS_ASSERTIONS = NO;
				ENABLE_STRICT_OBJC_MSGSEND = YES;
				GCC_C_LANGUAGE_STANDARD = gnu11;
				GCC_NO_COMMON_BLOCKS = YES;
				GCC_WARN_64_TO_32_BIT_CONVERSION = YES;
				GCC_WARN_ABOUT_RETURN_TYPE = YES_ERROR;
				GCC_WARN_UNDECLARED_SELECTOR = YES;
				GCC_WARN_UNINITIALIZED_AUTOS = YES_AGGRESSIVE;
				GCC_WARN_UNUSED_FUNCTION = YES;
				GCC_WARN_UNUSED_VARIABLE = YES;
				IPHONEOS_DEPLOYMENT_TARGET = 14.0;
				MTL_ENABLE_DEBUG_INFO = NO;
				MTL_FAST_MATH = YES;
				SDKROOT = iphoneos;
				SWIFT_COMPILATION_MODE = wholemodule;
				SWIFT_OPTIMIZATION_LEVEL = "-O";
				VALIDATE_PRODUCT = YES;
			};
			name = Release;
		};
		39489E0D27EE3D2200C4D6B7 /* Debug */ = {
			isa = XCBuildConfiguration;
			baseConfigurationReference = B9E04524841471AE1113B366 /* Pods-MarvelApp.debug.xcconfig */;
			buildSettings = {
				ASSETCATALOG_COMPILER_APPICON_NAME = AppIcon;
				ASSETCATALOG_COMPILER_GLOBAL_ACCENT_COLOR_NAME = AccentColor;
				CODE_SIGN_STYLE = Automatic;
				CURRENT_PROJECT_VERSION = 1;
				DEVELOPMENT_ASSET_PATHS = "MarvelApp/Resources/Images.xcassets MarvelApp/Resources/Colors.xcassets MarvelApp/Resources/en.lproj/Localizable.strings";
				DEVELOPMENT_TEAM = 86ES72U35G;
				GENERATE_INFOPLIST_FILE = YES;
				INFOPLIST_FILE = MarvelApp/Info.plist;
				INFOPLIST_KEY_UIApplicationSupportsIndirectInputEvents = YES;
				INFOPLIST_KEY_UILaunchStoryboardName = LaunchScreen;
				INFOPLIST_KEY_UISupportedInterfaceOrientations_iPad = "UIInterfaceOrientationPortrait UIInterfaceOrientationPortraitUpsideDown UIInterfaceOrientationLandscapeLeft UIInterfaceOrientationLandscapeRight";
				INFOPLIST_KEY_UISupportedInterfaceOrientations_iPhone = UIInterfaceOrientationPortrait;
				LD_RUNPATH_SEARCH_PATHS = (
					"$(inherited)",
					"@executable_path/Frameworks",
				);
				MARKETING_VERSION = 1.0;
				PRODUCT_BUNDLE_IDENTIFIER = com.izarubin.MarvelApp;
				PRODUCT_NAME = "$(TARGET_NAME)";
				SWIFT_EMIT_LOC_STRINGS = YES;
				SWIFT_VERSION = 5.0;
				TARGETED_DEVICE_FAMILY = "1,2";
			};
			name = Debug;
		};
		39489E0E27EE3D2200C4D6B7 /* Release */ = {
			isa = XCBuildConfiguration;
			baseConfigurationReference = 9ED37D3E6DAEC437E04A134D /* Pods-MarvelApp.release.xcconfig */;
			buildSettings = {
				ASSETCATALOG_COMPILER_APPICON_NAME = AppIcon;
				ASSETCATALOG_COMPILER_GLOBAL_ACCENT_COLOR_NAME = AccentColor;
				CODE_SIGN_STYLE = Automatic;
				CURRENT_PROJECT_VERSION = 1;
				DEVELOPMENT_ASSET_PATHS = "MarvelApp/Resources/Images.xcassets MarvelApp/Resources/Colors.xcassets MarvelApp/Resources/en.lproj/Localizable.strings";
				DEVELOPMENT_TEAM = 86ES72U35G;
				GENERATE_INFOPLIST_FILE = YES;
				INFOPLIST_FILE = MarvelApp/Info.plist;
				INFOPLIST_KEY_UIApplicationSupportsIndirectInputEvents = YES;
				INFOPLIST_KEY_UILaunchStoryboardName = LaunchScreen;
				INFOPLIST_KEY_UISupportedInterfaceOrientations_iPad = "UIInterfaceOrientationPortrait UIInterfaceOrientationPortraitUpsideDown UIInterfaceOrientationLandscapeLeft UIInterfaceOrientationLandscapeRight";
				INFOPLIST_KEY_UISupportedInterfaceOrientations_iPhone = UIInterfaceOrientationPortrait;
				LD_RUNPATH_SEARCH_PATHS = (
					"$(inherited)",
					"@executable_path/Frameworks",
				);
				MARKETING_VERSION = 1.0;
				PRODUCT_BUNDLE_IDENTIFIER = com.izarubin.MarvelApp;
				PRODUCT_NAME = "$(TARGET_NAME)";
				SWIFT_EMIT_LOC_STRINGS = YES;
				SWIFT_VERSION = 5.0;
				TARGETED_DEVICE_FAMILY = "1,2";
			};
			name = Release;
		};
		39489E1027EE3D2200C4D6B7 /* Debug */ = {
			isa = XCBuildConfiguration;
			baseConfigurationReference = 06CF928A7EE1AF9C30510049 /* Pods-MarvelAppTests.debug.xcconfig */;
			buildSettings = {
				ALWAYS_EMBED_SWIFT_STANDARD_LIBRARIES = YES;
				BUNDLE_LOADER = "$(TEST_HOST)";
				CODE_SIGN_STYLE = Automatic;
				CURRENT_PROJECT_VERSION = 1;
				DEVELOPMENT_TEAM = 86ES72U35G;
				GENERATE_INFOPLIST_FILE = YES;
				IPHONEOS_DEPLOYMENT_TARGET = 15.4;
				MARKETING_VERSION = 1.0;
				PRODUCT_BUNDLE_IDENTIFIER = com.izarubin.MarvelAppTests;
				PRODUCT_NAME = "$(TARGET_NAME)";
				SWIFT_EMIT_LOC_STRINGS = NO;
				SWIFT_VERSION = 5.0;
				TARGETED_DEVICE_FAMILY = "1,2";
				TEST_HOST = "$(BUILT_PRODUCTS_DIR)/MarvelApp.app/MarvelApp";
			};
			name = Debug;
		};
		39489E1127EE3D2200C4D6B7 /* Release */ = {
			isa = XCBuildConfiguration;
			baseConfigurationReference = 0592CBF960E4F3AA52CA6E66 /* Pods-MarvelAppTests.release.xcconfig */;
			buildSettings = {
				ALWAYS_EMBED_SWIFT_STANDARD_LIBRARIES = YES;
				BUNDLE_LOADER = "$(TEST_HOST)";
				CODE_SIGN_STYLE = Automatic;
				CURRENT_PROJECT_VERSION = 1;
				DEVELOPMENT_TEAM = 86ES72U35G;
				GENERATE_INFOPLIST_FILE = YES;
				IPHONEOS_DEPLOYMENT_TARGET = 15.4;
				MARKETING_VERSION = 1.0;
				PRODUCT_BUNDLE_IDENTIFIER = com.izarubin.MarvelAppTests;
				PRODUCT_NAME = "$(TARGET_NAME)";
				SWIFT_EMIT_LOC_STRINGS = NO;
				SWIFT_VERSION = 5.0;
				TARGETED_DEVICE_FAMILY = "1,2";
				TEST_HOST = "$(BUILT_PRODUCTS_DIR)/MarvelApp.app/MarvelApp";
			};
			name = Release;
		};
		39489E1327EE3D2200C4D6B7 /* Debug */ = {
			isa = XCBuildConfiguration;
			baseConfigurationReference = 022BA7017CF18A87EF9EADB7 /* Pods-MarvelApp-MarvelAppUITests.debug.xcconfig */;
			buildSettings = {
				ALWAYS_EMBED_SWIFT_STANDARD_LIBRARIES = YES;
				CODE_SIGN_STYLE = Automatic;
				CURRENT_PROJECT_VERSION = 1;
				DEVELOPMENT_TEAM = 86ES72U35G;
				GENERATE_INFOPLIST_FILE = YES;
				MARKETING_VERSION = 1.0;
				PRODUCT_BUNDLE_IDENTIFIER = com.izarubin.MarvelAppUITests;
				PRODUCT_NAME = "$(TARGET_NAME)";
				SWIFT_EMIT_LOC_STRINGS = NO;
				SWIFT_VERSION = 5.0;
				TARGETED_DEVICE_FAMILY = "1,2";
				TEST_TARGET_NAME = MarvelApp;
			};
			name = Debug;
		};
		39489E1427EE3D2200C4D6B7 /* Release */ = {
			isa = XCBuildConfiguration;
			baseConfigurationReference = 98C0FEB6DFCFA13AA83A93AB /* Pods-MarvelApp-MarvelAppUITests.release.xcconfig */;
			buildSettings = {
				ALWAYS_EMBED_SWIFT_STANDARD_LIBRARIES = YES;
				CODE_SIGN_STYLE = Automatic;
				CURRENT_PROJECT_VERSION = 1;
				DEVELOPMENT_TEAM = 86ES72U35G;
				GENERATE_INFOPLIST_FILE = YES;
				MARKETING_VERSION = 1.0;
				PRODUCT_BUNDLE_IDENTIFIER = com.izarubin.MarvelAppUITests;
				PRODUCT_NAME = "$(TARGET_NAME)";
				SWIFT_EMIT_LOC_STRINGS = NO;
				SWIFT_VERSION = 5.0;
				TARGETED_DEVICE_FAMILY = "1,2";
				TEST_TARGET_NAME = MarvelApp;
			};
			name = Release;
		};
/* End XCBuildConfiguration section */

/* Begin XCConfigurationList section */
		39489DDD27EE3D1C00C4D6B7 /* Build configuration list for PBXProject "MarvelApp" */ = {
			isa = XCConfigurationList;
			buildConfigurations = (
				39489E0A27EE3D2200C4D6B7 /* Debug */,
				39489E0B27EE3D2200C4D6B7 /* Release */,
			);
			defaultConfigurationIsVisible = 0;
			defaultConfigurationName = Release;
		};
		39489E0C27EE3D2200C4D6B7 /* Build configuration list for PBXNativeTarget "MarvelApp" */ = {
			isa = XCConfigurationList;
			buildConfigurations = (
				39489E0D27EE3D2200C4D6B7 /* Debug */,
				39489E0E27EE3D2200C4D6B7 /* Release */,
			);
			defaultConfigurationIsVisible = 0;
			defaultConfigurationName = Release;
		};
		39489E0F27EE3D2200C4D6B7 /* Build configuration list for PBXNativeTarget "MarvelAppTests" */ = {
			isa = XCConfigurationList;
			buildConfigurations = (
				39489E1027EE3D2200C4D6B7 /* Debug */,
				39489E1127EE3D2200C4D6B7 /* Release */,
			);
			defaultConfigurationIsVisible = 0;
			defaultConfigurationName = Release;
		};
		39489E1227EE3D2200C4D6B7 /* Build configuration list for PBXNativeTarget "MarvelAppUITests" */ = {
			isa = XCConfigurationList;
			buildConfigurations = (
				39489E1327EE3D2200C4D6B7 /* Debug */,
				39489E1427EE3D2200C4D6B7 /* Release */,
			);
			defaultConfigurationIsVisible = 0;
			defaultConfigurationName = Release;
		};
/* End XCConfigurationList section */
	};
	rootObject = 39489DDA27EE3D1C00C4D6B7 /* Project object */;
}
