// !$*UTF8*$!
{
	archiveVersion = 1;
	classes = {
	};
	objectVersion = 55;
	objects = {

/* Begin PBXBuildFile section */
		39489DE627EE3D1C00C4D6B7 /* AppDelegate.swift in Sources */ = {isa = PBXBuildFile; fileRef = 39489DE527EE3D1C00C4D6B7 /* AppDelegate.swift */; };
		39489DE827EE3D1C00C4D6B7 /* SceneDelegate.swift in Sources */ = {isa = PBXBuildFile; fileRef = 39489DE727EE3D1C00C4D6B7 /* SceneDelegate.swift */; };
		39489DEA27EE3D1C00C4D6B7 /* ViewController.swift in Sources */ = {isa = PBXBuildFile; fileRef = 39489DE927EE3D1C00C4D6B7 /* ViewController.swift */; };
		39489DED27EE3D1C00C4D6B7 /* Main.storyboard in Resources */ = {isa = PBXBuildFile; fileRef = 39489DEB27EE3D1C00C4D6B7 /* Main.storyboard */; };
		39489DEF27EE3D2100C4D6B7 /* Assets.xcassets in Resources */ = {isa = PBXBuildFile; fileRef = 39489DEE27EE3D2100C4D6B7 /* Assets.xcassets */; };
		39489DF227EE3D2100C4D6B7 /* LaunchScreen.storyboard in Resources */ = {isa = PBXBuildFile; fileRef = 39489DF027EE3D2100C4D6B7 /* LaunchScreen.storyboard */; };
		39489DFD27EE3D2200C4D6B7 /* MarvelAppTests.swift in Sources */ = {isa = PBXBuildFile; fileRef = 39489DFC27EE3D2200C4D6B7 /* MarvelAppTests.swift */; };
		39489E0727EE3D2200C4D6B7 /* MarvelAppUITests.swift in Sources */ = {isa = PBXBuildFile; fileRef = 39489E0627EE3D2200C4D6B7 /* MarvelAppUITests.swift */; };
		39489E0927EE3D2200C4D6B7 /* MarvelAppUITestsLaunchTests.swift in Sources */ = {isa = PBXBuildFile; fileRef = 39489E0827EE3D2200C4D6B7 /* MarvelAppUITestsLaunchTests.swift */; };
/* End PBXBuildFile section */

/* Begin PBXContainerItemProxy section */
		39489DF927EE3D2200C4D6B7 /* PBXContainerItemProxy */ = {
			isa = PBXContainerItemProxy;
			containerPortal = 39489DDA27EE3D1C00C4D6B7 /* Project object */;
			proxyType = 1;
			remoteGlobalIDString = 39489DE127EE3D1C00C4D6B7;
			remoteInfo = MarvelApp;
		};
		39489E0327EE3D2200C4D6B7 /* PBXContainerItemProxy */ = {
			isa = PBXContainerItemProxy;
			containerPortal = 39489DDA27EE3D1C00C4D6B7 /* Project object */;
			proxyType = 1;
			remoteGlobalIDString = 39489DE127EE3D1C00C4D6B7;
			remoteInfo = MarvelApp;
		};
/* End PBXContainerItemProxy section */

/* Begin PBXFileReference section */
		39489DE227EE3D1C00C4D6B7 /* MarvelApp.app */ = {isa = PBXFileReference; explicitFileType = wrapper.application; includeInIndex = 0; path = MarvelApp.app; sourceTree = BUILT_PRODUCTS_DIR; };
		39489DE527EE3D1C00C4D6B7 /* AppDelegate.swift */ = {isa = PBXFileReference; lastKnownFileType = sourcecode.swift; path = AppDelegate.swift; sourceTree = "<group>"; };
		39489DE727EE3D1C00C4D6B7 /* SceneDelegate.swift */ = {isa = PBXFileReference; lastKnownFileType = sourcecode.swift; path = SceneDelegate.swift; sourceTree = "<group>"; };
		39489DE927EE3D1C00C4D6B7 /* ViewController.swift */ = {isa = PBXFileReference; lastKnownFileType = sourcecode.swift; path = ViewController.swift; sourceTree = "<group>"; };
		39489DEC27EE3D1C00C4D6B7 /* Base */ = {isa = PBXFileReference; lastKnownFileType = file.storyboard; name = Base; path = Base.lproj/Main.storyboard; sourceTree = "<group>"; };
		39489DEE27EE3D2100C4D6B7 /* Assets.xcassets */ = {isa = PBXFileReference; lastKnownFileType = folder.assetcatalog; path = Assets.xcassets; sourceTree = "<group>"; };
		39489DF127EE3D2100C4D6B7 /* Base */ = {isa = PBXFileReference; lastKnownFileType = file.storyboard; name = Base; path = Base.lproj/LaunchScreen.storyboard; sourceTree = "<group>"; };
		39489DF327EE3D2100C4D6B7 /* Info.plist */ = {isa = PBXFileReference; lastKnownFileType = text.plist.xml; path = Info.plist; sourceTree = "<group>"; };
		39489DF827EE3D2200C4D6B7 /* MarvelAppTests.xctest */ = {isa = PBXFileReference; explicitFileType = wrapper.cfbundle; includeInIndex = 0; path = MarvelAppTests.xctest; sourceTree = BUILT_PRODUCTS_DIR; };
		39489DFC27EE3D2200C4D6B7 /* MarvelAppTests.swift */ = {isa = PBXFileReference; lastKnownFileType = sourcecode.swift; path = MarvelAppTests.swift; sourceTree = "<group>"; };
		39489E0227EE3D2200C4D6B7 /* MarvelAppUITests.xctest */ = {isa = PBXFileReference; explicitFileType = wrapper.cfbundle; includeInIndex = 0; path = MarvelAppUITests.xctest; sourceTree = BUILT_PRODUCTS_DIR; };
		39489E0627EE3D2200C4D6B7 /* MarvelAppUITests.swift */ = {isa = PBXFileReference; lastKnownFileType = sourcecode.swift; path = MarvelAppUITests.swift; sourceTree = "<group>"; };
		39489E0827EE3D2200C4D6B7 /* MarvelAppUITestsLaunchTests.swift */ = {isa = PBXFileReference; lastKnownFileType = sourcecode.swift; path = MarvelAppUITestsLaunchTests.swift; sourceTree = "<group>"; };
/* End PBXFileReference section */

/* Begin PBXFrameworksBuildPhase section */
		39489DDF27EE3D1C00C4D6B7 /* Frameworks */ = {
			isa = PBXFrameworksBuildPhase;
			buildActionMask = 2147483647;
			files = (
			);
			runOnlyForDeploymentPostprocessing = 0;
		};
		39489DF527EE3D2200C4D6B7 /* Frameworks */ = {
			isa = PBXFrameworksBuildPhase;
			buildActionMask = 2147483647;
			files = (
			);
			runOnlyForDeploymentPostprocessing = 0;
		};
		39489DFF27EE3D2200C4D6B7 /* Frameworks */ = {
			isa = PBXFrameworksBuildPhase;
			buildActionMask = 2147483647;
			files = (
			);
			runOnlyForDeploymentPostprocessing = 0;
		};
/* End PBXFrameworksBuildPhase section */

/* Begin PBXGroup section */
		39489DD927EE3D1C00C4D6B7 = {
			isa = PBXGroup;
			children = (
				39489DE427EE3D1C00C4D6B7 /* MarvelApp */,
				39489DFB27EE3D2200C4D6B7 /* MarvelAppTests */,
				39489E0527EE3D2200C4D6B7 /* MarvelAppUITests */,
				39489DE327EE3D1C00C4D6B7 /* Products */,
			);
			sourceTree = "<group>";
		};
		39489DE327EE3D1C00C4D6B7 /* Products */ = {
			isa = PBXGroup;
			children = (
				39489DE227EE3D1C00C4D6B7 /* MarvelApp.app */,
				39489DF827EE3D2200C4D6B7 /* MarvelAppTests.xctest */,
				39489E0227EE3D2200C4D6B7 /* MarvelAppUITests.xctest */,
			);
			name = Products;
			sourceTree = "<group>";
		};
		39489DE427EE3D1C00C4D6B7 /* MarvelApp */ = {
			isa = PBXGroup;
			children = (
				39489DE527EE3D1C00C4D6B7 /* AppDelegate.swift */,
				39489DE727EE3D1C00C4D6B7 /* SceneDelegate.swift */,
				39489DE927EE3D1C00C4D6B7 /* ViewController.swift */,
				39489DEB27EE3D1C00C4D6B7 /* Main.storyboard */,
				39489DEE27EE3D2100C4D6B7 /* Assets.xcassets */,
				39489DF027EE3D2100C4D6B7 /* LaunchScreen.storyboard */,
				39489DF327EE3D2100C4D6B7 /* Info.plist */,
			);
			path = MarvelApp;
			sourceTree = "<group>";
		};
		39489DFB27EE3D2200C4D6B7 /* MarvelAppTests */ = {
			isa = PBXGroup;
			children = (
				39489DFC27EE3D2200C4D6B7 /* MarvelAppTests.swift */,
			);
			path = MarvelAppTests;
			sourceTree = "<group>";
		};
		39489E0527EE3D2200C4D6B7 /* MarvelAppUITests */ = {
			isa = PBXGroup;
			children = (
				39489E0627EE3D2200C4D6B7 /* MarvelAppUITests.swift */,
				39489E0827EE3D2200C4D6B7 /* MarvelAppUITestsLaunchTests.swift */,
			);
			path = MarvelAppUITests;
			sourceTree = "<group>";
		};
/* End PBXGroup section */

/* Begin PBXNativeTarget section */
		39489DE127EE3D1C00C4D6B7 /* MarvelApp */ = {
			isa = PBXNativeTarget;
			buildConfigurationList = 39489E0C27EE3D2200C4D6B7 /* Build configuration list for PBXNativeTarget "MarvelApp" */;
			buildPhases = (
				39489DDE27EE3D1C00C4D6B7 /* Sources */,
				39489DDF27EE3D1C00C4D6B7 /* Frameworks */,
				39489DE027EE3D1C00C4D6B7 /* Resources */,
			);
			buildRules = (
			);
			dependencies = (
			);
			name = MarvelApp;
			productName = MarvelApp;
			productReference = 39489DE227EE3D1C00C4D6B7 /* MarvelApp.app */;
			productType = "com.apple.product-type.application";
		};
		39489DF727EE3D2200C4D6B7 /* MarvelAppTests */ = {
			isa = PBXNativeTarget;
			buildConfigurationList = 39489E0F27EE3D2200C4D6B7 /* Build configuration list for PBXNativeTarget "MarvelAppTests" */;
			buildPhases = (
				39489DF427EE3D2200C4D6B7 /* Sources */,
				39489DF527EE3D2200C4D6B7 /* Frameworks */,
				39489DF627EE3D2200C4D6B7 /* Resources */,
			);
			buildRules = (
			);
			dependencies = (
				39489DFA27EE3D2200C4D6B7 /* PBXTargetDependency */,
			);
			name = MarvelAppTests;
			productName = MarvelAppTests;
			productReference = 39489DF827EE3D2200C4D6B7 /* MarvelAppTests.xctest */;
			productType = "com.apple.product-type.bundle.unit-test";
		};
		39489E0127EE3D2200C4D6B7 /* MarvelAppUITests */ = {
			isa = PBXNativeTarget;
			buildConfigurationList = 39489E1227EE3D2200C4D6B7 /* Build configuration list for PBXNativeTarget "MarvelAppUITests" */;
			buildPhases = (
				39489DFE27EE3D2200C4D6B7 /* Sources */,
				39489DFF27EE3D2200C4D6B7 /* Frameworks */,
				39489E0027EE3D2200C4D6B7 /* Resources */,
			);
			buildRules = (
			);
			dependencies = (
				39489E0427EE3D2200C4D6B7 /* PBXTargetDependency */,
			);
			name = MarvelAppUITests;
			productName = MarvelAppUITests;
			productReference = 39489E0227EE3D2200C4D6B7 /* MarvelAppUITests.xctest */;
			productType = "com.apple.product-type.bundle.ui-testing";
		};
/* End PBXNativeTarget section */

/* Begin PBXProject section */
		39489DDA27EE3D1C00C4D6B7 /* Project object */ = {
			isa = PBXProject;
			attributes = {
				BuildIndependentTargetsInParallel = 1;
				LastSwiftUpdateCheck = 1330;
				LastUpgradeCheck = 1330;
				TargetAttributes = {
					39489DE127EE3D1C00C4D6B7 = {
						CreatedOnToolsVersion = 13.3;
					};
					39489DF727EE3D2200C4D6B7 = {
						CreatedOnToolsVersion = 13.3;
						TestTargetID = 39489DE127EE3D1C00C4D6B7;
					};
					39489E0127EE3D2200C4D6B7 = {
						CreatedOnToolsVersion = 13.3;
						TestTargetID = 39489DE127EE3D1C00C4D6B7;
					};
				};
			};
			buildConfigurationList = 39489DDD27EE3D1C00C4D6B7 /* Build configuration list for PBXProject "MarvelApp" */;
			compatibilityVersion = "Xcode 13.0";
			developmentRegion = en;
			hasScannedForEncodings = 0;
			knownRegions = (
				en,
				Base,
			);
			mainGroup = 39489DD927EE3D1C00C4D6B7;
			productRefGroup = 39489DE327EE3D1C00C4D6B7 /* Products */;
			projectDirPath = "";
			projectRoot = "";
			targets = (
				39489DE127EE3D1C00C4D6B7 /* MarvelApp */,
				39489DF727EE3D2200C4D6B7 /* MarvelAppTests */,
				39489E0127EE3D2200C4D6B7 /* MarvelAppUITests */,
			);
		};
/* End PBXProject section */

/* Begin PBXResourcesBuildPhase section */
		39489DE027EE3D1C00C4D6B7 /* Resources */ = {
			isa = PBXResourcesBuildPhase;
			buildActionMask = 2147483647;
			files = (
				39489DF227EE3D2100C4D6B7 /* LaunchScreen.storyboard in Resources */,
				39489DEF27EE3D2100C4D6B7 /* Assets.xcassets in Resources */,
				39489DED27EE3D1C00C4D6B7 /* Main.storyboard in Resources */,
			);
			runOnlyForDeploymentPostprocessing = 0;
		};
		39489DF627EE3D2200C4D6B7 /* Resources */ = {
			isa = PBXResourcesBuildPhase;
			buildActionMask = 2147483647;
			files = (
			);
			runOnlyForDeploymentPostprocessing = 0;
		};
		39489E0027EE3D2200C4D6B7 /* Resources */ = {
			isa = PBXResourcesBuildPhase;
			buildActionMask = 2147483647;
			files = (
			);
			runOnlyForDeploymentPostprocessing = 0;
		};
/* End PBXResourcesBuildPhase section */

/* Begin PBXSourcesBuildPhase section */
		39489DDE27EE3D1C00C4D6B7 /* Sources */ = {
			isa = PBXSourcesBuildPhase;
			buildActionMask = 2147483647;
			files = (
				39489DEA27EE3D1C00C4D6B7 /* ViewController.swift in Sources */,
				39489DE627EE3D1C00C4D6B7 /* AppDelegate.swift in Sources */,
				39489DE827EE3D1C00C4D6B7 /* SceneDelegate.swift in Sources */,
			);
			runOnlyForDeploymentPostprocessing = 0;
		};
		39489DF427EE3D2200C4D6B7 /* Sources */ = {
			isa = PBXSourcesBuildPhase;
			buildActionMask = 2147483647;
			files = (
				39489DFD27EE3D2200C4D6B7 /* MarvelAppTests.swift in Sources */,
			);
			runOnlyForDeploymentPostprocessing = 0;
		};
		39489DFE27EE3D2200C4D6B7 /* Sources */ = {
			isa = PBXSourcesBuildPhase;
			buildActionMask = 2147483647;
			files = (
				39489E0727EE3D2200C4D6B7 /* MarvelAppUITests.swift in Sources */,
				39489E0927EE3D2200C4D6B7 /* MarvelAppUITestsLaunchTests.swift in Sources */,
			);
			runOnlyForDeploymentPostprocessing = 0;
		};
/* End PBXSourcesBuildPhase section */

/* Begin PBXTargetDependency section */
		39489DFA27EE3D2200C4D6B7 /* PBXTargetDependency */ = {
			isa = PBXTargetDependency;
			target = 39489DE127EE3D1C00C4D6B7 /* MarvelApp */;
			targetProxy = 39489DF927EE3D2200C4D6B7 /* PBXContainerItemProxy */;
		};
		39489E0427EE3D2200C4D6B7 /* PBXTargetDependency */ = {
			isa = PBXTargetDependency;
			target = 39489DE127EE3D1C00C4D6B7 /* MarvelApp */;
			targetProxy = 39489E0327EE3D2200C4D6B7 /* PBXContainerItemProxy */;
		};
/* End PBXTargetDependency section */

/* Begin PBXVariantGroup section */
		39489DEB27EE3D1C00C4D6B7 /* Main.storyboard */ = {
			isa = PBXVariantGroup;
			children = (
				39489DEC27EE3D1C00C4D6B7 /* Base */,
			);
			name = Main.storyboard;
			sourceTree = "<group>";
		};
		39489DF027EE3D2100C4D6B7 /* LaunchScreen.storyboard */ = {
			isa = PBXVariantGroup;
			children = (
				39489DF127EE3D2100C4D6B7 /* Base */,
			);
			name = LaunchScreen.storyboard;
			sourceTree = "<group>";
		};
/* End PBXVariantGroup section */

/* Begin XCBuildConfiguration section */
		39489E0A27EE3D2200C4D6B7 /* Debug */ = {
			isa = XCBuildConfiguration;
			buildSettings = {
				ALWAYS_SEARCH_USER_PATHS = NO;
				CLANG_ANALYZER_NONNULL = YES;
				CLANG_ANALYZER_NUMBER_OBJECT_CONVERSION = YES_AGGRESSIVE;
				CLANG_CXX_LANGUAGE_STANDARD = "gnu++17";
				CLANG_ENABLE_MODULES = YES;
				CLANG_ENABLE_OBJC_ARC = YES;
				CLANG_ENABLE_OBJC_WEAK = YES;
				CLANG_WARN_BLOCK_CAPTURE_AUTORELEASING = YES;
				CLANG_WARN_BOOL_CONVERSION = YES;
				CLANG_WARN_COMMA = YES;
				CLANG_WARN_CONSTANT_CONVERSION = YES;
				CLANG_WARN_DEPRECATED_OBJC_IMPLEMENTATIONS = YES;
				CLANG_WARN_DIRECT_OBJC_ISA_USAGE = YES_ERROR;
				CLANG_WARN_DOCUMENTATION_COMMENTS = YES;
				CLANG_WARN_EMPTY_BODY = YES;
				CLANG_WARN_ENUM_CONVERSION = YES;
				CLANG_WARN_INFINITE_RECURSION = YES;
				CLANG_WARN_INT_CONVERSION = YES;
				CLANG_WARN_NON_LITERAL_NULL_CONVERSION = YES;
				CLANG_WARN_OBJC_IMPLICIT_RETAIN_SELF = YES;
				CLANG_WARN_OBJC_LITERAL_CONVERSION = YES;
				CLANG_WARN_OBJC_ROOT_CLASS = YES_ERROR;
				CLANG_WARN_QUOTED_INCLUDE_IN_FRAMEWORK_HEADER = YES;
				CLANG_WARN_RANGE_LOOP_ANALYSIS = YES;
				CLANG_WARN_STRICT_PROTOTYPES = YES;
				CLANG_WARN_SUSPICIOUS_MOVE = YES;
				CLANG_WARN_UNGUARDED_AVAILABILITY = YES_AGGRESSIVE;
				CLANG_WARN_UNREACHABLE_CODE = YES;
				CLANG_WARN__DUPLICATE_METHOD_MATCH = YES;
				COPY_PHASE_STRIP = NO;
				DEBUG_INFORMATION_FORMAT = dwarf;
				ENABLE_STRICT_OBJC_MSGSEND = YES;
				ENABLE_TESTABILITY = YES;
				GCC_C_LANGUAGE_STANDARD = gnu11;
				GCC_DYNAMIC_NO_PIC = NO;
				GCC_NO_COMMON_BLOCKS = YES;
				GCC_OPTIMIZATION_LEVEL = 0;
				GCC_PREPROCESSOR_DEFINITIONS = (
					"DEBUG=1",
					"$(inherited)",
				);
				GCC_WARN_64_TO_32_BIT_CONVERSION = YES;
				GCC_WARN_ABOUT_RETURN_TYPE = YES_ERROR;
				GCC_WARN_UNDECLARED_SELECTOR = YES;
				GCC_WARN_UNINITIALIZED_AUTOS = YES_AGGRESSIVE;
				GCC_WARN_UNUSED_FUNCTION = YES;
				GCC_WARN_UNUSED_VARIABLE = YES;
				IPHONEOS_DEPLOYMENT_TARGET = 15.4;
				MTL_ENABLE_DEBUG_INFO = INCLUDE_SOURCE;
				MTL_FAST_MATH = YES;
				ONLY_ACTIVE_ARCH = YES;
				SDKROOT = iphoneos;
				SWIFT_ACTIVE_COMPILATION_CONDITIONS = DEBUG;
				SWIFT_OPTIMIZATION_LEVEL = "-Onone";
			};
			name = Debug;
		};
		39489E0B27EE3D2200C4D6B7 /* Release */ = {
			isa = XCBuildConfiguration;
			buildSettings = {
				ALWAYS_SEARCH_USER_PATHS = NO;
				CLANG_ANALYZER_NONNULL = YES;
				CLANG_ANALYZER_NUMBER_OBJECT_CONVERSION = YES_AGGRESSIVE;
				CLANG_CXX_LANGUAGE_STANDARD = "gnu++17";
				CLANG_ENABLE_MODULES = YES;
				CLANG_ENABLE_OBJC_ARC = YES;
				CLANG_ENABLE_OBJC_WEAK = YES;
				CLANG_WARN_BLOCK_CAPTURE_AUTORELEASING = YES;
				CLANG_WARN_BOOL_CONVERSION = YES;
				CLANG_WARN_COMMA = YES;
				CLANG_WARN_CONSTANT_CONVERSION = YES;
				CLANG_WARN_DEPRECATED_OBJC_IMPLEMENTATIONS = YES;
				CLANG_WARN_DIRECT_OBJC_ISA_USAGE = YES_ERROR;
				CLANG_WARN_DOCUMENTATION_COMMENTS = YES;
				CLANG_WARN_EMPTY_BODY = YES;
				CLANG_WARN_ENUM_CONVERSION = YES;
				CLANG_WARN_INFINITE_RECURSION = YES;
				CLANG_WARN_INT_CONVERSION = YES;
				CLANG_WARN_NON_LITERAL_NULL_CONVERSION = YES;
				CLANG_WARN_OBJC_IMPLICIT_RETAIN_SELF = YES;
				CLANG_WARN_OBJC_LITERAL_CONVERSION = YES;
				CLANG_WARN_OBJC_ROOT_CLASS = YES_ERROR;
				CLANG_WARN_QUOTED_INCLUDE_IN_FRAMEWORK_HEADER = YES;
				CLANG_WARN_RANGE_LOOP_ANALYSIS = YES;
				CLANG_WARN_STRICT_PROTOTYPES = YES;
				CLANG_WARN_SUSPICIOUS_MOVE = YES;
				CLANG_WARN_UNGUARDED_AVAILABILITY = YES_AGGRESSIVE;
				CLANG_WARN_UNREACHABLE_CODE = YES;
				CLANG_WARN__DUPLICATE_METHOD_MATCH = YES;
				COPY_PHASE_STRIP = NO;
				DEBUG_INFORMATION_FORMAT = "dwarf-with-dsym";
				ENABLE_NS_ASSERTIONS = NO;
				ENABLE_STRICT_OBJC_MSGSEND = YES;
				GCC_C_LANGUAGE_STANDARD = gnu11;
				GCC_NO_COMMON_BLOCKS = YES;
				GCC_WARN_64_TO_32_BIT_CONVERSION = YES;
				GCC_WARN_ABOUT_RETURN_TYPE = YES_ERROR;
				GCC_WARN_UNDECLARED_SELECTOR = YES;
				GCC_WARN_UNINITIALIZED_AUTOS = YES_AGGRESSIVE;
				GCC_WARN_UNUSED_FUNCTION = YES;
				GCC_WARN_UNUSED_VARIABLE = YES;
				IPHONEOS_DEPLOYMENT_TARGET = 15.4;
				MTL_ENABLE_DEBUG_INFO = NO;
				MTL_FAST_MATH = YES;
				SDKROOT = iphoneos;
				SWIFT_COMPILATION_MODE = wholemodule;
				SWIFT_OPTIMIZATION_LEVEL = "-O";
				VALIDATE_PRODUCT = YES;
			};
			name = Release;
		};
		39489E0D27EE3D2200C4D6B7 /* Debug */ = {
			isa = XCBuildConfiguration;
			buildSettings = {
				ASSETCATALOG_COMPILER_APPICON_NAME = AppIcon;
				ASSETCATALOG_COMPILER_GLOBAL_ACCENT_COLOR_NAME = AccentColor;
				CODE_SIGN_STYLE = Automatic;
				CURRENT_PROJECT_VERSION = 1;
				DEVELOPMENT_TEAM = 86ES72U35G;
				GENERATE_INFOPLIST_FILE = YES;
				INFOPLIST_FILE = MarvelApp/Info.plist;
				INFOPLIST_KEY_UIApplicationSupportsIndirectInputEvents = YES;
				INFOPLIST_KEY_UILaunchStoryboardName = LaunchScreen;
				INFOPLIST_KEY_UIMainStoryboardFile = Main;
				INFOPLIST_KEY_UISupportedInterfaceOrientations_iPad = "UIInterfaceOrientationPortrait UIInterfaceOrientationPortraitUpsideDown UIInterfaceOrientationLandscapeLeft UIInterfaceOrientationLandscapeRight";
				INFOPLIST_KEY_UISupportedInterfaceOrientations_iPhone = "UIInterfaceOrientationPortrait UIInterfaceOrientationLandscapeLeft UIInterfaceOrientationLandscapeRight";
				LD_RUNPATH_SEARCH_PATHS = (
					"$(inherited)",
					"@executable_path/Frameworks",
				);
				MARKETING_VERSION = 1.0;
				PRODUCT_BUNDLE_IDENTIFIER = com.izarubin.MarvelApp;
				PRODUCT_NAME = "$(TARGET_NAME)";
				SWIFT_EMIT_LOC_STRINGS = YES;
				SWIFT_VERSION = 5.0;
				TARGETED_DEVICE_FAMILY = "1,2";
			};
			name = Debug;
		};
		39489E0E27EE3D2200C4D6B7 /* Release */ = {
			isa = XCBuildConfiguration;
			buildSettings = {
				ASSETCATALOG_COMPILER_APPICON_NAME = AppIcon;
				ASSETCATALOG_COMPILER_GLOBAL_ACCENT_COLOR_NAME = AccentColor;
				CODE_SIGN_STYLE = Automatic;
				CURRENT_PROJECT_VERSION = 1;
				DEVELOPMENT_TEAM = 86ES72U35G;
				GENERATE_INFOPLIST_FILE = YES;
				INFOPLIST_FILE = MarvelApp/Info.plist;
				INFOPLIST_KEY_UIApplicationSupportsIndirectInputEvents = YES;
				INFOPLIST_KEY_UILaunchStoryboardName = LaunchScreen;
				INFOPLIST_KEY_UIMainStoryboardFile = Main;
				INFOPLIST_KEY_UISupportedInterfaceOrientations_iPad = "UIInterfaceOrientationPortrait UIInterfaceOrientationPortraitUpsideDown UIInterfaceOrientationLandscapeLeft UIInterfaceOrientationLandscapeRight";
				INFOPLIST_KEY_UISupportedInterfaceOrientations_iPhone = "UIInterfaceOrientationPortrait UIInterfaceOrientationLandscapeLeft UIInterfaceOrientationLandscapeRight";
				LD_RUNPATH_SEARCH_PATHS = (
					"$(inherited)",
					"@executable_path/Frameworks",
				);
				MARKETING_VERSION = 1.0;
				PRODUCT_BUNDLE_IDENTIFIER = com.izarubin.MarvelApp;
				PRODUCT_NAME = "$(TARGET_NAME)";
				SWIFT_EMIT_LOC_STRINGS = YES;
				SWIFT_VERSION = 5.0;
				TARGETED_DEVICE_FAMILY = "1,2";
			};
			name = Release;
		};
		39489E1027EE3D2200C4D6B7 /* Debug */ = {
			isa = XCBuildConfiguration;
			buildSettings = {
				ALWAYS_EMBED_SWIFT_STANDARD_LIBRARIES = YES;
				BUNDLE_LOADER = "$(TEST_HOST)";
				CODE_SIGN_STYLE = Automatic;
				CURRENT_PROJECT_VERSION = 1;
				DEVELOPMENT_TEAM = 86ES72U35G;
				GENERATE_INFOPLIST_FILE = YES;
				IPHONEOS_DEPLOYMENT_TARGET = 15.4;
				MARKETING_VERSION = 1.0;
				PRODUCT_BUNDLE_IDENTIFIER = com.izarubin.MarvelAppTests;
				PRODUCT_NAME = "$(TARGET_NAME)";
				SWIFT_EMIT_LOC_STRINGS = NO;
				SWIFT_VERSION = 5.0;
				TARGETED_DEVICE_FAMILY = "1,2";
				TEST_HOST = "$(BUILT_PRODUCTS_DIR)/MarvelApp.app/MarvelApp";
			};
			name = Debug;
		};
		39489E1127EE3D2200C4D6B7 /* Release */ = {
			isa = XCBuildConfiguration;
			buildSettings = {
				ALWAYS_EMBED_SWIFT_STANDARD_LIBRARIES = YES;
				BUNDLE_LOADER = "$(TEST_HOST)";
				CODE_SIGN_STYLE = Automatic;
				CURRENT_PROJECT_VERSION = 1;
				DEVELOPMENT_TEAM = 86ES72U35G;
				GENERATE_INFOPLIST_FILE = YES;
				IPHONEOS_DEPLOYMENT_TARGET = 15.4;
				MARKETING_VERSION = 1.0;
				PRODUCT_BUNDLE_IDENTIFIER = com.izarubin.MarvelAppTests;
				PRODUCT_NAME = "$(TARGET_NAME)";
				SWIFT_EMIT_LOC_STRINGS = NO;
				SWIFT_VERSION = 5.0;
				TARGETED_DEVICE_FAMILY = "1,2";
				TEST_HOST = "$(BUILT_PRODUCTS_DIR)/MarvelApp.app/MarvelApp";
			};
			name = Release;
		};
		39489E1327EE3D2200C4D6B7 /* Debug */ = {
			isa = XCBuildConfiguration;
			buildSettings = {
				ALWAYS_EMBED_SWIFT_STANDARD_LIBRARIES = YES;
				CODE_SIGN_STYLE = Automatic;
				CURRENT_PROJECT_VERSION = 1;
				DEVELOPMENT_TEAM = 86ES72U35G;
				GENERATE_INFOPLIST_FILE = YES;
				MARKETING_VERSION = 1.0;
				PRODUCT_BUNDLE_IDENTIFIER = com.izarubin.MarvelAppUITests;
				PRODUCT_NAME = "$(TARGET_NAME)";
				SWIFT_EMIT_LOC_STRINGS = NO;
				SWIFT_VERSION = 5.0;
				TARGETED_DEVICE_FAMILY = "1,2";
				TEST_TARGET_NAME = MarvelApp;
			};
			name = Debug;
		};
		39489E1427EE3D2200C4D6B7 /* Release */ = {
			isa = XCBuildConfiguration;
			buildSettings = {
				ALWAYS_EMBED_SWIFT_STANDARD_LIBRARIES = YES;
				CODE_SIGN_STYLE = Automatic;
				CURRENT_PROJECT_VERSION = 1;
				DEVELOPMENT_TEAM = 86ES72U35G;
				GENERATE_INFOPLIST_FILE = YES;
				MARKETING_VERSION = 1.0;
				PRODUCT_BUNDLE_IDENTIFIER = com.izarubin.MarvelAppUITests;
				PRODUCT_NAME = "$(TARGET_NAME)";
				SWIFT_EMIT_LOC_STRINGS = NO;
				SWIFT_VERSION = 5.0;
				TARGETED_DEVICE_FAMILY = "1,2";
				TEST_TARGET_NAME = MarvelApp;
			};
			name = Release;
		};
/* End XCBuildConfiguration section */

/* Begin XCConfigurationList section */
		39489DDD27EE3D1C00C4D6B7 /* Build configuration list for PBXProject "MarvelApp" */ = {
			isa = XCConfigurationList;
			buildConfigurations = (
				39489E0A27EE3D2200C4D6B7 /* Debug */,
				39489E0B27EE3D2200C4D6B7 /* Release */,
			);
			defaultConfigurationIsVisible = 0;
			defaultConfigurationName = Release;
		};
		39489E0C27EE3D2200C4D6B7 /* Build configuration list for PBXNativeTarget "MarvelApp" */ = {
			isa = XCConfigurationList;
			buildConfigurations = (
				39489E0D27EE3D2200C4D6B7 /* Debug */,
				39489E0E27EE3D2200C4D6B7 /* Release */,
			);
			defaultConfigurationIsVisible = 0;
			defaultConfigurationName = Release;
		};
		39489E0F27EE3D2200C4D6B7 /* Build configuration list for PBXNativeTarget "MarvelAppTests" */ = {
			isa = XCConfigurationList;
			buildConfigurations = (
				39489E1027EE3D2200C4D6B7 /* Debug */,
				39489E1127EE3D2200C4D6B7 /* Release */,
			);
			defaultConfigurationIsVisible = 0;
			defaultConfigurationName = Release;
		};
		39489E1227EE3D2200C4D6B7 /* Build configuration list for PBXNativeTarget "MarvelAppUITests" */ = {
			isa = XCConfigurationList;
			buildConfigurations = (
				39489E1327EE3D2200C4D6B7 /* Debug */,
				39489E1427EE3D2200C4D6B7 /* Release */,
			);
			defaultConfigurationIsVisible = 0;
			defaultConfigurationName = Release;
		};
/* End XCConfigurationList section */
	};
	rootObject = 39489DDA27EE3D1C00C4D6B7 /* Project object */;
}
